// !$*UTF8*$!
{
	archiveVersion = 1;
	classes = {
	};
	objectVersion = 42;
	objects = {

/* Begin PBXBuildFile section */
		0011FFECDA5B7055DA03DE38 /* ImageVis3D.cpp in Build Sources */ = {isa = PBXBuildFile; fileRef = 42C4A4D153B2B116249852FE /* ImageVis3D.cpp */; settings = {ATTRIBUTES = (); }; };
		060F7808677E7D817EC22D23 /* UVF.cpp in Build Sources */ = {isa = PBXBuildFile; fileRef = 39F8E48ABF1DFC3D74406FCE /* UVF.cpp */; settings = {ATTRIBUTES = (); }; };
		069D05B0128AE5DC7EE31738 /* QtCore.framework in Frameworks & Libraries */ = {isa = PBXBuildFile; fileRef = 7BC2E65A5E699A5E5D834CA2 /* QtCore.framework */; };
		076562ED4ABEB9499641AFC4 /* MaxMinDataBlock.cpp in Build Sources */ = {isa = PBXBuildFile; fileRef = 892FB412DA588DDB57398ECD /* MaxMinDataBlock.cpp */; settings = {ATTRIBUTES = (); }; };
		0C6D4628EE0B0D1479A20551 /* AGL.framework in Frameworks & Libraries */ = {isa = PBXBuildFile; fileRef = C6766F86E49E9C8701C8E637 /* AGL.framework */; };
		0DEC84BBD45A7EB0E64DD394 /* SBVRGeogen.cpp in Build Sources */ = {isa = PBXBuildFile; fileRef = 5F49E1F49F731BEE03C8ED83 /* SBVRGeogen.cpp */; settings = {ATTRIBUTES = (); }; };
		107343977E061C75AE8CCC78 /* ImageVis3D_DebugWindow.cpp in Build Sources */ = {isa = PBXBuildFile; fileRef = 248FFD14E2898068F4DF8D9A /* ImageVis3D_DebugWindow.cpp */; settings = {ATTRIBUTES = (); }; };
		14A0B1A5B564C5CD70C16CCB /* ArcBall.cpp in Build Sources */ = {isa = PBXBuildFile; fileRef = 4B53D791176221E2ECB89982 /* ArcBall.cpp */; settings = {ATTRIBUTES = (); }; };
		15C854B44658D93B99CCB833 /* KeyValueFileParser.cpp in Build Sources */ = {isa = PBXBuildFile; fileRef = F72F5B15AF9929C5B1D4133E /* KeyValueFileParser.cpp */; settings = {ATTRIBUTES = (); }; };
		1A6FC2B9C6658DD36A8E37EA /* moc_SettingsDlg.cpp in Build Sources */ = {isa = PBXBuildFile; fileRef = C0952F64ADC02534010A6108 /* moc_SettingsDlg.cpp */; settings = {ATTRIBUTES = (); }; };
		1B135A5239FEE80ADACB29AF /* RenderWindow.cpp in Build Sources */ = {isa = PBXBuildFile; fileRef = 2D35139F03183DA58A907984 /* RenderWindow.cpp */; settings = {ATTRIBUTES = (); }; };
		1D7FAB624FE741E819ED4509 /* DataBlock.cpp in Build Sources */ = {isa = PBXBuildFile; fileRef = 7A77428AE3777911F66771DD /* DataBlock.cpp */; settings = {ATTRIBUTES = (); }; };
		207004E9C11CADB71BBB3763 /* moc_Q1DTransferFunction.cpp in Build Sources */ = {isa = PBXBuildFile; fileRef = 5B6BE7F87CDDF1AA57682FAC /* moc_Q1DTransferFunction.cpp */; settings = {ATTRIBUTES = (); }; };
		28F282390EDF7B98F2D4034F /* Transferfunction1D.cpp in Build Sources */ = {isa = PBXBuildFile; fileRef = 3D580B408584C358D4210722 /* Transferfunction1D.cpp */; settings = {ATTRIBUTES = (); }; };
		29E2F0005D8612EAF4A9149A /* Q2DTransferFunction.cpp in Build Sources */ = {isa = PBXBuildFile; fileRef = 780F8A2AAE0CACE78F5B3713 /* Q2DTransferFunction.cpp */; settings = {ATTRIBUTES = (); }; };
		2B093CA6F071B023A473CED0 /* main.cpp in Build Sources */ = {isa = PBXBuildFile; fileRef = 118FCBAABA162BA17933C789 /* main.cpp */; settings = {ATTRIBUTES = (); }; };
		2CBC38F8D1F2153CF11CBD9D /* ImageParser.cpp in Build Sources */ = {isa = PBXBuildFile; fileRef = BF411B8C77E86F8888B21CD1 /* ImageParser.cpp */; settings = {ATTRIBUTES = (); }; };
		3B5B8771F86A16B476079AFD /* SysTools.cpp in Build Sources */ = {isa = PBXBuildFile; fileRef = D98C1AC87E6E066F2783D434 /* SysTools.cpp */; settings = {ATTRIBUTES = (); }; };
		3C8E7C3294FB0FA301372F66 /* MultiplexOut.cpp in Build Sources */ = {isa = PBXBuildFile; fileRef = 0B328B44C0332EC0DB40C97B /* MultiplexOut.cpp */; settings = {ATTRIBUTES = (); }; };
		3EF8C553965D802946BE40E3 /* MathTools.cpp in Build Sources */ = {isa = PBXBuildFile; fileRef = 3A9AEE976CABFD5A154FCBFF /* MathTools.cpp */; settings = {ATTRIBUTES = (); }; };
		41CFB2A72703C402991410E4 /* GLRaycaster.cpp in Build Sources */ = {isa = PBXBuildFile; fileRef = 32387813571BC286F89FB00F /* GLRaycaster.cpp */; settings = {ATTRIBUTES = (); }; };
		450A0D11527AF164AEFE7377 /* QtOpenGL.framework in Frameworks & Libraries */ = {isa = PBXBuildFile; fileRef = C374004D45E01156F931B37D /* QtOpenGL.framework */; };
		46C5CF9DC1B1FEE838FB57BF /* GLSBVR.cpp in Build Sources */ = {isa = PBXBuildFile; fileRef = D536B62B183328BBD9B15935 /* GLSBVR.cpp */; settings = {ATTRIBUTES = (); }; };
		47544AAB6AACB7CABA6FC1E5 /* IOManager.cpp in Build Sources */ = {isa = PBXBuildFile; fileRef = EE120F5C0C81EF1330F6082C /* IOManager.cpp */; settings = {ATTRIBUTES = (); }; };
		4DDE4064DB0774E34D110AE5 /* ImageVis3D_1DTransferFunction.cpp in Build Sources */ = {isa = PBXBuildFile; fileRef = BDB68AF37CB016C6E7089382 /* ImageVis3D_1DTransferFunction.cpp */; settings = {ATTRIBUTES = (); }; };
		501667F26B3C1FF6767A7C12 /* QtGui.framework in Frameworks & Libraries */ = {isa = PBXBuildFile; fileRef = 9B36DA7E32F0304E780E7972 /* QtGui.framework */; };
		5187820FB299C26E5477D662 /* GLTexture1D.cpp in Build Sources */ = {isa = PBXBuildFile; fileRef = D2F466B18F96F398C2977D64 /* GLTexture1D.cpp */; settings = {ATTRIBUTES = (); }; };
		51D4DBF7CB8537BE86EBD055 /* AppKit.framework in Frameworks & Libraries */ = {isa = PBXBuildFile; fileRef = 821416211D63F190AAAD016A /* AppKit.framework */; };
		534C51AB117993C3AD373D2A /* QTransferFunction.cpp in Build Sources */ = {isa = PBXBuildFile; fileRef = A0A5FC70F6192DC22F6653E9 /* QTransferFunction.cpp */; settings = {ATTRIBUTES = (); }; };
		568C8B1B0EDD08A50033278C /* ImageVis3D.app in Project Copy */ = {isa = PBXBuildFile; fileRef = 568C8B180EDD08A50033278C /* ImageVis3D.app */; };
		58DC7FC5A53A82BA121CBD41 /* ImageVis3D_WindowHandling.cpp in Build Sources */ = {isa = PBXBuildFile; fileRef = 14C6B3600AF482B4B106D697 /* ImageVis3D_WindowHandling.cpp */; settings = {ATTRIBUTES = (); }; };
		6078053DD5EF512AF811C511 /* moc_BrowseData.cpp in Build Sources */ = {isa = PBXBuildFile; fileRef = 9E1E82F691A084D7A3931FC2 /* moc_BrowseData.cpp */; settings = {ATTRIBUTES = (); }; };
		63BB7BAC53ED344642482534 /* QTOut.cpp in Build Sources */ = {isa = PBXBuildFile; fileRef = FB0B293620834E59430642CA /* QTOut.cpp */; settings = {ATTRIBUTES = (); }; };
		653659439998388E660F0BB1 /* LargeRAWFile.cpp in Build Sources */ = {isa = PBXBuildFile; fileRef = E5756337FF9BBB4E0B8908F3 /* LargeRAWFile.cpp */; settings = {ATTRIBUTES = (); }; };
		695105576DFD02C244707557 /* glew.c in Build Sources */ = {isa = PBXBuildFile; fileRef = 4DFFB218207927E621D124D0 /* glew.c */; settings = {ATTRIBUTES = (); }; };
		6E133D705D4176DF9E39C54B /* ImageVis3D_Progress.cpp in Build Sources */ = {isa = PBXBuildFile; fileRef = 9817526CFD9BE0461E5588A7 /* ImageVis3D_Progress.cpp */; settings = {ATTRIBUTES = (); }; };
		776CCBE269DD25E7981AC903 /* TextfileOut.cpp in Build Sources */ = {isa = PBXBuildFile; fileRef = 3C369E9B35CA998E6753D9D1 /* TextfileOut.cpp */; settings = {ATTRIBUTES = (); }; };
		7A315830AD5B12ECFF4CA667 /* DirectoryParser.cpp in Build Sources */ = {isa = PBXBuildFile; fileRef = C08B9C91B13A537574A679D9 /* DirectoryParser.cpp */; settings = {ATTRIBUTES = (); }; };
		7A5438E038EB8FC6F3F239AC /* PleaseWait.cpp in Build Sources */ = {isa = PBXBuildFile; fileRef = 78BAC5CC6048063D7B1FF4BD /* PleaseWait.cpp */; settings = {ATTRIBUTES = (); }; };
		7C79BC3DB804B7BC8C37F1C3 /* ImageVis3D_Settings.cpp in Build Sources */ = {isa = PBXBuildFile; fileRef = D34CBB5673F95024FACB0322 /* ImageVis3D_Settings.cpp */; settings = {ATTRIBUTES = (); }; };
		8020BCB6BFE0FEE3B325E4CF /* DICOMParser.cpp in Build Sources */ = {isa = PBXBuildFile; fileRef = 88B53055C26A8AFBA8166DD3 /* DICOMParser.cpp */; settings = {ATTRIBUTES = (); }; };
		81BEE0B5C126D7E944EC6723 /* KeyValuePairDataBlock.cpp in Build Sources */ = {isa = PBXBuildFile; fileRef = 85AB00992626DFE86F263A9E /* KeyValuePairDataBlock.cpp */; settings = {ATTRIBUTES = (); }; };
		8306721FE0B929539198EB11 /* Histogram1DDataBlock.cpp in Build Sources */ = {isa = PBXBuildFile; fileRef = 4A39709595253CF1F5C25274 /* Histogram1DDataBlock.cpp */; settings = {ATTRIBUTES = (); }; };
		83BCF49457639D33E8467D07 /* GLFrameCapture.cpp in Build Sources */ = {isa = PBXBuildFile; fileRef = D64C5809288031ACC2AE0567 /* GLFrameCapture.cpp */; settings = {ATTRIBUTES = (); }; };
		8567756F095564A569B8813B /* moc_PleaseWait.cpp in Build Sources */ = {isa = PBXBuildFile; fileRef = C341DFF74DA47CA865D66E57 /* moc_PleaseWait.cpp */; settings = {ATTRIBUTES = (); }; };
		87B8A1FB266AFA8C4020172D /* CullingLOD.cpp in Build Sources */ = {isa = PBXBuildFile; fileRef = 826320BDCDD00C5439F2BFDB /* CullingLOD.cpp */; settings = {ATTRIBUTES = (); }; };
		89E6D7511BC9E5FC164E22F3 /* AbstrRenderer.cpp in Build Sources */ = {isa = PBXBuildFile; fileRef = A7E49D07EB8069678D8AC7A1 /* AbstrRenderer.cpp */; settings = {ATTRIBUTES = (); }; };
		8A5A1950F80990485ECFFBC5 /* GLFBOTex.cpp in Build Sources */ = {isa = PBXBuildFile; fileRef = 25216EA7A91323AE5A2CAFE6 /* GLFBOTex.cpp */; settings = {ATTRIBUTES = (); }; };
		93B6C0962FDA1F817B966B0F /* MasterController.cpp in Build Sources */ = {isa = PBXBuildFile; fileRef = D55650312B57A9ACB5F232F6 /* MasterController.cpp */; settings = {ATTRIBUTES = (); }; };
		9425A59EFB72FC24AD340ED7 /* Histogram2DDataBlock.cpp in Build Sources */ = {isa = PBXBuildFile; fileRef = 5AC0772431568BACAD4559FF /* Histogram2DDataBlock.cpp */; settings = {ATTRIBUTES = (); }; };
		9C7AB5A9D8D752DCA3439DC8 /* ImageVis3D_2DTransferFunction.cpp in Build Sources */ = {isa = PBXBuildFile; fileRef = 630A40EF0D63C44060B4FDC3 /* ImageVis3D_2DTransferFunction.cpp */; settings = {ATTRIBUTES = (); }; };
		9D44FCF7647B470949530CD0 /* moc_QTransferFunction.cpp in Build Sources */ = {isa = PBXBuildFile; fileRef = CDABD8815EEBE169C73C5408 /* moc_QTransferFunction.cpp */; settings = {ATTRIBUTES = (); }; };
		A02C14B3A57F8357848356AF /* SystemInfo.cpp in Build Sources */ = {isa = PBXBuildFile; fileRef = EF689F3255B541A9EAE28E1F /* SystemInfo.cpp */; settings = {ATTRIBUTES = (); }; };
		A9462FE6DB1B06383F0ECC4F /* ConsoleOut.cpp in Build Sources */ = {isa = PBXBuildFile; fileRef = 73B4C4A8373180BC69347DE2 /* ConsoleOut.cpp */; settings = {ATTRIBUTES = (); }; };
		A9D00A8B2D226B104E1EE284 /* GLSLProgram.cpp in Build Sources */ = {isa = PBXBuildFile; fileRef = 40ADC9AB41209751530183DC /* GLSLProgram.cpp */; settings = {ATTRIBUTES = (); }; };
		AC72B93973DBC96E33D6CB41 /* GlobalHeader.cpp in Build Sources */ = {isa = PBXBuildFile; fileRef = DDADF6CA270DBC76FBB19294 /* GlobalHeader.cpp */; settings = {ATTRIBUTES = (); }; };
		AE05E7CB91E11430F6581D3D /* ImageVis3D_Capturing.cpp in Build Sources */ = {isa = PBXBuildFile; fileRef = 8F725444B0FFE10A4945CDBF /* ImageVis3D_Capturing.cpp */; settings = {ATTRIBUTES = (); }; };
		B5F90EC338EB46F20ED38497 /* GPUMemMan.cpp in Build Sources */ = {isa = PBXBuildFile; fileRef = 7D19C46AC1397C5DC0CA1194 /* GPUMemMan.cpp */; settings = {ATTRIBUTES = (); }; };
		B7D8C4D2055349ADF81A9E11 /* GLTexture3D.cpp in Build Sources */ = {isa = PBXBuildFile; fileRef = 517345D954671A2FD0A1C64C /* GLTexture3D.cpp */; settings = {ATTRIBUTES = (); }; };
		B833EBAA11ECAD8EA0653A31 /* moc_ImageVis3D.cpp in Build Sources */ = {isa = PBXBuildFile; fileRef = 797E60C086ABF8ED81C69C96 /* moc_ImageVis3D.cpp */; settings = {ATTRIBUTES = (); }; };
		BCEF71E1EDFB18DA77DC750B /* OpenGL.framework in Frameworks & Libraries */ = {isa = PBXBuildFile; fileRef = DA18A6831232F53228631AD1 /* OpenGL.framework */; };
		C1CE207A9D3A3B10A3EA966D /* moc_RenderWindow.cpp in Build Sources */ = {isa = PBXBuildFile; fileRef = 40C0DA1B4335F681242D4183 /* moc_RenderWindow.cpp */; settings = {ATTRIBUTES = (); }; };
		C8FD4A1AAA37CF2CA2824CCF /* Carbon.framework in Frameworks & Libraries */ = {isa = PBXBuildFile; fileRef = DA138F75C9F545CDAE7FB264 /* Carbon.framework */; };
		CAA8FA63CBB88EE3FE20EB5F /* SettingsDlg.cpp in Build Sources */ = {isa = PBXBuildFile; fileRef = 918AAF30FE9F429450DD7331 /* SettingsDlg.cpp */; settings = {ATTRIBUTES = (); }; };
		D17946D91B5A7AD03703D4F2 /* GPUMemManDataStructs.cpp in Build Sources */ = {isa = PBXBuildFile; fileRef = BFE3AF24B5BCE047EA1D751B /* GPUMemManDataStructs.cpp */; settings = {ATTRIBUTES = (); }; };
		DC04348B886A7D2A2896752F /* VolumeDataset.cpp in Build Sources */ = {isa = PBXBuildFile; fileRef = C457F29B59D7E094F5065BDC /* VolumeDataset.cpp */; settings = {ATTRIBUTES = (); }; };
		DC59377F9BD55CE23CA7C0BB /* GLTexture2D.cpp in Build Sources */ = {isa = PBXBuildFile; fileRef = 69BB139B7EAA186012AE4B27 /* GLTexture2D.cpp */; settings = {ATTRIBUTES = (); }; };
		DD647796F3BD130839147975 /* RasterDataBlock.cpp in Build Sources */ = {isa = PBXBuildFile; fileRef = EC11210740121610771BD38F /* RasterDataBlock.cpp */; settings = {ATTRIBUTES = (); }; };
		DFAEE19B4D6D40F41CBAB66D /* QTLabelOut.cpp in Build Sources */ = {isa = PBXBuildFile; fileRef = 05564724A26783D749F1DFED /* QTLabelOut.cpp */; settings = {ATTRIBUTES = (); }; };
		E29CADDC0DD0406110734BCA /* ImageVis3D_FileHandling.cpp in Build Sources */ = {isa = PBXBuildFile; fileRef = 0D1B69ACD7171EF0792527BC /* ImageVis3D_FileHandling.cpp */; settings = {ATTRIBUTES = (); }; };
		E62A98E9FF372D51B7A9EB97 /* UVFTables.cpp in Build Sources */ = {isa = PBXBuildFile; fileRef = F599F6D263D14DBF1CE19BE2 /* UVFTables.cpp */; settings = {ATTRIBUTES = (); }; };
		ED41C217D1C276C026E4CAF5 /* BrowseData.cpp in Build Sources */ = {isa = PBXBuildFile; fileRef = 4279343C8760169DB5C8DCC5 /* BrowseData.cpp */; settings = {ATTRIBUTES = (); }; };
		EEB4E9F2ECBE9A630C684795 /* Q1DTransferFunction.cpp in Build Sources */ = {isa = PBXBuildFile; fileRef = 57642517CD31AA70C457172E /* Q1DTransferFunction.cpp */; settings = {ATTRIBUTES = (); }; };
		EF8471FE34B4B65CE58ED12E /* GLRenderer.cpp in Build Sources */ = {isa = PBXBuildFile; fileRef = 0487BA074FC13168E2071658 /* GLRenderer.cpp */; settings = {ATTRIBUTES = (); }; };
		F1FABC8514A5E3CD0F96056B /* GLTexture.cpp in Build Sources */ = {isa = PBXBuildFile; fileRef = C61F2175C89BEC406625A35A /* GLTexture.cpp */; settings = {ATTRIBUTES = (); }; };
		F6E6B21DFC9B3F77ED1CE0C6 /* moc_Q2DTransferFunction.cpp in Build Sources */ = {isa = PBXBuildFile; fileRef = 175B1EBFEA09DD63969BC9EE /* moc_Q2DTransferFunction.cpp */; settings = {ATTRIBUTES = (); }; };
		F7FE326425DA8FE33D94CF65 /* MD5.cpp in Build Sources */ = {isa = PBXBuildFile; fileRef = DAEC8312EC8033F8ED26268C /* MD5.cpp */; settings = {ATTRIBUTES = (); }; };
		F89A9BCE2C72AA94A06AEB9B /* QDataRadioButton.cpp in Build Sources */ = {isa = PBXBuildFile; fileRef = EE927BDB3F2027DD338C1AA7 /* QDataRadioButton.cpp */; settings = {ATTRIBUTES = (); }; };
		F9E76E570E10AF14870553A7 /* ApplicationServices.framework in Frameworks & Libraries */ = {isa = PBXBuildFile; fileRef = 27AE7A480FD6C52FCA80FECD /* ApplicationServices.framework */; };
		FD2BA7D9189470835DE9F51A /* Transferfunction2D.cpp in Build Sources */ = {isa = PBXBuildFile; fileRef = CDED69DABFD026CB41DF7357 /* Transferfunction2D.cpp */; settings = {ATTRIBUTES = (); }; };
/* End PBXBuildFile section */

/* Begin PBXCopyFilesBuildPhase section */
		F6069D5A5DA8AA28EDB8B3C6 /* Project Copy */ = {
			isa = PBXCopyFilesBuildPhase;
			buildActionMask = 2147483647;
			dstPath = /Users/krueger/Documents/Projects/ImageVis3D/Build/OSX/Bin;
			dstSubfolderSpec = 0;
			files = (
				568C8B1B0EDD08A50033278C /* ImageVis3D.app in Project Copy */,
			);
			name = "Project Copy";
			runOnlyForDeploymentPostprocessing = 0;
		};
/* End PBXCopyFilesBuildPhase section */

/* Begin PBXFileReference section */
		03A6212F10E1DAE678AC1C70 /* Grids.h */ = {isa = PBXFileReference; lastKnownFileType = sourcecode.c.h; name = Grids.h; path = Basics/Grids.h; sourceTree = "<group>"; };
		0487BA074FC13168E2071658 /* GLRenderer.cpp */ = {isa = PBXFileReference; lastKnownFileType = sourcecode.cpp.cpp; name = GLRenderer.cpp; path = Renderer/GLRenderer.cpp; sourceTree = "<group>"; };
		05564724A26783D749F1DFED /* QTLabelOut.cpp */ = {isa = PBXFileReference; lastKnownFileType = sourcecode.cpp.cpp; name = QTLabelOut.cpp; path = DebugOut/QTLabelOut.cpp; sourceTree = "<group>"; };
		058D8A5C975BCFDBB81402CE /* Vectors.h */ = {isa = PBXFileReference; lastKnownFileType = sourcecode.c.h; name = Vectors.h; path = Basics/Vectors.h; sourceTree = "<group>"; };
		0B328B44C0332EC0DB40C97B /* MultiplexOut.cpp */ = {isa = PBXFileReference; lastKnownFileType = sourcecode.cpp.cpp; name = MultiplexOut.cpp; path = DebugOut/MultiplexOut.cpp; sourceTree = "<group>"; };
		0D1B69ACD7171EF0792527BC /* ImageVis3D_FileHandling.cpp */ = {isa = PBXFileReference; lastKnownFileType = sourcecode.cpp.cpp; name = ImageVis3D_FileHandling.cpp; path = UI/ImageVis3D_FileHandling.cpp; sourceTree = "<group>"; };
		0DB43EC509ED9FC6CE7F0F68 /* RasterDataBlock.h */ = {isa = PBXFileReference; lastKnownFileType = sourcecode.c.h; name = RasterDataBlock.h; path = IO/UVF/RasterDataBlock.h; sourceTree = "<group>"; };
		10EDCB3D20223F69059A8321 /* MD5.h */ = {isa = PBXFileReference; lastKnownFileType = sourcecode.c.h; name = MD5.h; path = Basics/Checksums/MD5.h; sourceTree = "<group>"; };
		118FCBAABA162BA17933C789 /* main.cpp */ = {isa = PBXFileReference; lastKnownFileType = sourcecode.cpp.cpp; path = main.cpp; sourceTree = "<group>"; };
		1237F86551383A7CF339FA6A /* FrameCapture.h */ = {isa = PBXFileReference; lastKnownFileType = sourcecode.c.h; name = FrameCapture.h; path = Renderer/FrameCapture.h; sourceTree = "<group>"; };
		14C6B3600AF482B4B106D697 /* ImageVis3D_WindowHandling.cpp */ = {isa = PBXFileReference; lastKnownFileType = sourcecode.cpp.cpp; name = ImageVis3D_WindowHandling.cpp; path = UI/ImageVis3D_WindowHandling.cpp; sourceTree = "<group>"; };
		171538B0BD87DDE441A7BDB4 /* KeyValueFileParser.h */ = {isa = PBXFileReference; lastKnownFileType = sourcecode.c.h; name = KeyValueFileParser.h; path = IO/KeyValueFileParser.h; sourceTree = "<group>"; };
		1727EE1830E09FD641794402 /* ImageVis3D.ui */ = {isa = PBXFileReference; lastKnownFileType = text; name = ImageVis3D.ui; path = UI/UI/ImageVis3D.ui; sourceTree = "<group>"; };
		175B1EBFEA09DD63969BC9EE /* moc_Q2DTransferFunction.cpp */ = {isa = PBXFileReference; lastKnownFileType = sourcecode.cpp.cpp; name = moc_Q2DTransferFunction.cpp; path = UI/AutoGen/moc_Q2DTransferFunction.cpp; sourceTree = "<group>"; };
		1AFF5E40DBA2AB863E40B0E0 /* Transferfunction1D.h */ = {isa = PBXFileReference; lastKnownFileType = sourcecode.c.h; name = Transferfunction1D.h; path = IO/Transferfunction1D.h; sourceTree = "<group>"; };
		1EF222E52174030AF5ADAFF1 /* GlobalHeader.h */ = {isa = PBXFileReference; lastKnownFileType = sourcecode.c.h; name = GlobalHeader.h; path = IO/UVF/GlobalHeader.h; sourceTree = "<group>"; };
		2269571BCF6110C11D81A51A /* ImageParser.h */ = {isa = PBXFileReference; lastKnownFileType = sourcecode.c.h; name = ImageParser.h; path = IO/Images/ImageParser.h; sourceTree = "<group>"; };
		248FFD14E2898068F4DF8D9A /* ImageVis3D_DebugWindow.cpp */ = {isa = PBXFileReference; lastKnownFileType = sourcecode.cpp.cpp; name = ImageVis3D_DebugWindow.cpp; path = UI/ImageVis3D_DebugWindow.cpp; sourceTree = "<group>"; };
		24B24185A9A9D4F6AEB21C0F /* Transferfunction2D.h */ = {isa = PBXFileReference; lastKnownFileType = sourcecode.c.h; name = Transferfunction2D.h; path = IO/Transferfunction2D.h; sourceTree = "<group>"; };
		25216EA7A91323AE5A2CAFE6 /* GLFBOTex.cpp */ = {isa = PBXFileReference; lastKnownFileType = sourcecode.cpp.cpp; name = GLFBOTex.cpp; path = Renderer/GLFBOTex.cpp; sourceTree = "<group>"; };
		26462B938C217A18CFCAD4CC /* BrowseData.ui */ = {isa = PBXFileReference; lastKnownFileType = text; name = BrowseData.ui; path = UI/UI/BrowseData.ui; sourceTree = "<group>"; };
		26952C15E03EFFB67648B0BE /* RenderWindow.h */ = {isa = PBXFileReference; lastKnownFileType = sourcecode.c.h; name = RenderWindow.h; path = UI/RenderWindow.h; sourceTree = "<group>"; };
		27AE7A480FD6C52FCA80FECD /* ApplicationServices.framework */ = {isa = PBXFileReference; lastKnownFileType = wrapper.framework; name = ApplicationServices.framework; path = /System/Library/Frameworks/ApplicationServices.framework; sourceTree = "<absolute>"; };
		296750B5998C38E9DDFB4D58 /* VolumeDataset.h */ = {isa = PBXFileReference; lastKnownFileType = sourcecode.c.h; name = VolumeDataset.h; path = IO/VolumeDataset.h; sourceTree = "<group>"; };
		2D35139F03183DA58A907984 /* RenderWindow.cpp */ = {isa = PBXFileReference; lastKnownFileType = sourcecode.cpp.cpp; name = RenderWindow.cpp; path = UI/RenderWindow.cpp; sourceTree = "<group>"; };
		2E2300B4558F81110EC5602A /* GLFrameCapture.h */ = {isa = PBXFileReference; lastKnownFileType = sourcecode.c.h; name = GLFrameCapture.h; path = Renderer/GLFrameCapture.h; sourceTree = "<group>"; };
		32387813571BC286F89FB00F /* GLRaycaster.cpp */ = {isa = PBXFileReference; lastKnownFileType = sourcecode.cpp.cpp; name = GLRaycaster.cpp; path = Renderer/GLRaycaster.cpp; sourceTree = "<group>"; };
		351CD9FB2D3C5C85B496A430 /* UVFBasic.h */ = {isa = PBXFileReference; lastKnownFileType = sourcecode.c.h; name = UVFBasic.h; path = IO/UVF/UVFBasic.h; sourceTree = "<group>"; };
		35EEAD83B47D913489333138 /* MasterController.h */ = {isa = PBXFileReference; lastKnownFileType = sourcecode.c.h; name = MasterController.h; path = Controller/MasterController.h; sourceTree = "<group>"; };
		39F8E48ABF1DFC3D74406FCE /* UVF.cpp */ = {isa = PBXFileReference; lastKnownFileType = sourcecode.cpp.cpp; name = UVF.cpp; path = IO/UVF/UVF.cpp; sourceTree = "<group>"; };
		3A9AEE976CABFD5A154FCBFF /* MathTools.cpp */ = {isa = PBXFileReference; lastKnownFileType = sourcecode.cpp.cpp; name = MathTools.cpp; path = Basics/MathTools.cpp; sourceTree = "<group>"; };
		3C369E9B35CA998E6753D9D1 /* TextfileOut.cpp */ = {isa = PBXFileReference; lastKnownFileType = sourcecode.cpp.cpp; name = TextfileOut.cpp; path = DebugOut/TextfileOut.cpp; sourceTree = "<group>"; };
		3D580B408584C358D4210722 /* Transferfunction1D.cpp */ = {isa = PBXFileReference; lastKnownFileType = sourcecode.cpp.cpp; name = Transferfunction1D.cpp; path = IO/Transferfunction1D.cpp; sourceTree = "<group>"; };
		40ADC9AB41209751530183DC /* GLSLProgram.cpp */ = {isa = PBXFileReference; lastKnownFileType = sourcecode.cpp.cpp; name = GLSLProgram.cpp; path = Renderer/GLSLProgram.cpp; sourceTree = "<group>"; };
		40C0DA1B4335F681242D4183 /* moc_RenderWindow.cpp */ = {isa = PBXFileReference; lastKnownFileType = sourcecode.cpp.cpp; name = moc_RenderWindow.cpp; path = UI/AutoGen/moc_RenderWindow.cpp; sourceTree = "<group>"; };
		4279343C8760169DB5C8DCC5 /* BrowseData.cpp */ = {isa = PBXFileReference; lastKnownFileType = sourcecode.cpp.cpp; name = BrowseData.cpp; path = UI/BrowseData.cpp; sourceTree = "<group>"; };
		42C4A4D153B2B116249852FE /* ImageVis3D.cpp */ = {isa = PBXFileReference; lastKnownFileType = sourcecode.cpp.cpp; name = ImageVis3D.cpp; path = UI/ImageVis3D.cpp; sourceTree = "<group>"; };
		4522C39C27B8653DC5FF47F4 /* ui_BrowseData.h */ = {isa = PBXFileReference; lastKnownFileType = sourcecode.c.h; name = ui_BrowseData.h; path = UI/AutoGen/ui_BrowseData.h; sourceTree = "<group>"; };
		455500DAA170CE45251D89C0 /* QTransferFunction.h */ = {isa = PBXFileReference; lastKnownFileType = sourcecode.c.h; name = QTransferFunction.h; path = UI/QTransferFunction.h; sourceTree = "<group>"; };
		45AF0E291E4E00D6CBA20804 /* KeyValuePairDataBlock.h */ = {isa = PBXFileReference; lastKnownFileType = sourcecode.c.h; name = KeyValuePairDataBlock.h; path = IO/UVF/KeyValuePairDataBlock.h; sourceTree = "<group>"; };
		4662D990210813C8B0FED48F /* GLObject.h */ = {isa = PBXFileReference; lastKnownFileType = sourcecode.c.h; name = GLObject.h; path = Renderer/GLObject.h; sourceTree = "<group>"; };
		4A39709595253CF1F5C25274 /* Histogram1DDataBlock.cpp */ = {isa = PBXFileReference; lastKnownFileType = sourcecode.cpp.cpp; name = Histogram1DDataBlock.cpp; path = IO/UVF/Histogram1DDataBlock.cpp; sourceTree = "<group>"; };
		4B53D791176221E2ECB89982 /* ArcBall.cpp */ = {isa = PBXFileReference; lastKnownFileType = sourcecode.cpp.cpp; name = ArcBall.cpp; path = Basics/ArcBall.cpp; sourceTree = "<group>"; };
		4DFFB218207927E621D124D0 /* glew.c */ = {isa = PBXFileReference; lastKnownFileType = sourcecode.c.c; name = glew.c; path = 3rdParty/GLEW/glew.c; sourceTree = "<group>"; };
		4F39292F119643BE52630A4B /* UVF.h */ = {isa = PBXFileReference; lastKnownFileType = sourcecode.c.h; name = UVF.h; path = IO/UVF/UVF.h; sourceTree = "<group>"; };
		4F5DE0355A7601CFCC203133 /* GLTexture.h */ = {isa = PBXFileReference; lastKnownFileType = sourcecode.c.h; name = GLTexture.h; path = Renderer/GLTexture.h; sourceTree = "<group>"; };
		517345D954671A2FD0A1C64C /* GLTexture3D.cpp */ = {isa = PBXFileReference; lastKnownFileType = sourcecode.cpp.cpp; name = GLTexture3D.cpp; path = Renderer/GLTexture3D.cpp; sourceTree = "<group>"; };
		568C8B180EDD08A50033278C /* ImageVis3D.app */ = {isa = PBXFileReference; explicitFileType = wrapper.application; includeInIndex = 0; path = ImageVis3D.app; sourceTree = BUILT_PRODUCTS_DIR; };
		56E68DDC07EE3E157D77EF94 /* glew.h */ = {isa = PBXFileReference; lastKnownFileType = sourcecode.c.h; name = glew.h; path = 3rdParty/GLEW/glew.h; sourceTree = "<group>"; };
		57642517CD31AA70C457172E /* Q1DTransferFunction.cpp */ = {isa = PBXFileReference; lastKnownFileType = sourcecode.cpp.cpp; name = Q1DTransferFunction.cpp; path = UI/Q1DTransferFunction.cpp; sourceTree = "<group>"; };
		5AC0772431568BACAD4559FF /* Histogram2DDataBlock.cpp */ = {isa = PBXFileReference; lastKnownFileType = sourcecode.cpp.cpp; name = Histogram2DDataBlock.cpp; path = IO/UVF/Histogram2DDataBlock.cpp; sourceTree = "<group>"; };
		5B6BE7F87CDDF1AA57682FAC /* moc_Q1DTransferFunction.cpp */ = {isa = PBXFileReference; lastKnownFileType = sourcecode.cpp.cpp; name = moc_Q1DTransferFunction.cpp; path = UI/AutoGen/moc_Q1DTransferFunction.cpp; sourceTree = "<group>"; };
		5F49E1F49F731BEE03C8ED83 /* SBVRGeogen.cpp */ = {isa = PBXFileReference; lastKnownFileType = sourcecode.cpp.cpp; name = SBVRGeogen.cpp; path = Renderer/SBVRGeogen.cpp; sourceTree = "<group>"; };
		5F5C180F657004FA1A2F7479 /* DataBlock.h */ = {isa = PBXFileReference; lastKnownFileType = sourcecode.c.h; name = DataBlock.h; path = IO/UVF/DataBlock.h; sourceTree = "<group>"; };
		630A40EF0D63C44060B4FDC3 /* ImageVis3D_2DTransferFunction.cpp */ = {isa = PBXFileReference; lastKnownFileType = sourcecode.cpp.cpp; name = ImageVis3D_2DTransferFunction.cpp; path = UI/ImageVis3D_2DTransferFunction.cpp; sourceTree = "<group>"; };
		637A24CAC534D50BF79EFB34 /* QDataRadioButton.h */ = {isa = PBXFileReference; lastKnownFileType = sourcecode.c.h; name = QDataRadioButton.h; path = UI/QDataRadioButton.h; sourceTree = "<group>"; };
		6971A2695EAB929B8A844181 /* DirectoryParser.h */ = {isa = PBXFileReference; lastKnownFileType = sourcecode.c.h; name = DirectoryParser.h; path = IO/DirectoryParser.h; sourceTree = "<group>"; };
		69BB139B7EAA186012AE4B27 /* GLTexture2D.cpp */ = {isa = PBXFileReference; lastKnownFileType = sourcecode.cpp.cpp; name = GLTexture2D.cpp; path = Renderer/GLTexture2D.cpp; sourceTree = "<group>"; };
		73B4C4A8373180BC69347DE2 /* ConsoleOut.cpp */ = {isa = PBXFileReference; lastKnownFileType = sourcecode.cpp.cpp; name = ConsoleOut.cpp; path = DebugOut/ConsoleOut.cpp; sourceTree = "<group>"; };
		757D1D26DD65982912FEB4AA /* SysTools.h */ = {isa = PBXFileReference; lastKnownFileType = sourcecode.c.h; name = SysTools.h; path = Basics/SysTools.h; sourceTree = "<group>"; };
		780F8A2AAE0CACE78F5B3713 /* Q2DTransferFunction.cpp */ = {isa = PBXFileReference; lastKnownFileType = sourcecode.cpp.cpp; name = Q2DTransferFunction.cpp; path = UI/Q2DTransferFunction.cpp; sourceTree = "<group>"; };
		78BAC5CC6048063D7B1FF4BD /* PleaseWait.cpp */ = {isa = PBXFileReference; lastKnownFileType = sourcecode.cpp.cpp; name = PleaseWait.cpp; path = UI/PleaseWait.cpp; sourceTree = "<group>"; };
		79291845C7D89DDCC7FC930E /* MathTools.h */ = {isa = PBXFileReference; lastKnownFileType = sourcecode.c.h; name = MathTools.h; path = Basics/MathTools.h; sourceTree = "<group>"; };
		797E60C086ABF8ED81C69C96 /* moc_ImageVis3D.cpp */ = {isa = PBXFileReference; lastKnownFileType = sourcecode.cpp.cpp; name = moc_ImageVis3D.cpp; path = UI/AutoGen/moc_ImageVis3D.cpp; sourceTree = "<group>"; };
		7A77428AE3777911F66771DD /* DataBlock.cpp */ = {isa = PBXFileReference; lastKnownFileType = sourcecode.cpp.cpp; name = DataBlock.cpp; path = IO/UVF/DataBlock.cpp; sourceTree = "<group>"; };
		7BC2E65A5E699A5E5D834CA2 /* QtCore.framework */ = {isa = PBXFileReference; lastKnownFileType = wrapper.framework; name = QtCore.framework; path = /Library/Frameworks/QtCore.framework; sourceTree = "<absolute>"; };
		7CDDDD11E39654DB29B809E0 /* ui_SettingsDlg.h */ = {isa = PBXFileReference; lastKnownFileType = sourcecode.c.h; name = ui_SettingsDlg.h; path = UI/AutoGen/ui_SettingsDlg.h; sourceTree = "<group>"; };
		7D19C46AC1397C5DC0CA1194 /* GPUMemMan.cpp */ = {isa = PBXFileReference; lastKnownFileType = sourcecode.cpp.cpp; name = GPUMemMan.cpp; path = Renderer/GPUMemMan/GPUMemMan.cpp; sourceTree = "<group>"; };
		821416211D63F190AAAD016A /* AppKit.framework */ = {isa = PBXFileReference; lastKnownFileType = wrapper.framework; name = AppKit.framework; path = /System/Library/Frameworks/AppKit.framework; sourceTree = "<absolute>"; };
		826320BDCDD00C5439F2BFDB /* CullingLOD.cpp */ = {isa = PBXFileReference; lastKnownFileType = sourcecode.cpp.cpp; name = CullingLOD.cpp; path = Renderer/CullingLOD.cpp; sourceTree = "<group>"; };
		835E64FDF05CB8A49C0D76F4 /* StdDefines.h */ = {isa = PBXFileReference; lastKnownFileType = sourcecode.c.h; path = StdDefines.h; sourceTree = "<group>"; };
		85AB00992626DFE86F263A9E /* KeyValuePairDataBlock.cpp */ = {isa = PBXFileReference; lastKnownFileType = sourcecode.cpp.cpp; name = KeyValuePairDataBlock.cpp; path = IO/UVF/KeyValuePairDataBlock.cpp; sourceTree = "<group>"; };
		872585EA43F5C3C60048FC57 /* UVFTables.h */ = {isa = PBXFileReference; lastKnownFileType = sourcecode.c.h; name = UVFTables.h; path = IO/UVF/UVFTables.h; sourceTree = "<group>"; };
		88B53055C26A8AFBA8166DD3 /* DICOMParser.cpp */ = {isa = PBXFileReference; lastKnownFileType = sourcecode.cpp.cpp; name = DICOMParser.cpp; path = IO/DICOM/DICOMParser.cpp; sourceTree = "<group>"; };
		892FB412DA588DDB57398ECD /* MaxMinDataBlock.cpp */ = {isa = PBXFileReference; lastKnownFileType = sourcecode.cpp.cpp; name = MaxMinDataBlock.cpp; path = IO/UVF/MaxMinDataBlock.cpp; sourceTree = "<group>"; };
		8A56CBF5D785420F72FD300A /* AbstrRenderer.h */ = {isa = PBXFileReference; lastKnownFileType = sourcecode.c.h; name = AbstrRenderer.h; path = Renderer/AbstrRenderer.h; sourceTree = "<group>"; };
		8DBFA3273870000AEE95F652 /* GLTexture1D.h */ = {isa = PBXFileReference; lastKnownFileType = sourcecode.c.h; name = GLTexture1D.h; path = Renderer/GLTexture1D.h; sourceTree = "<group>"; };
		8F725444B0FFE10A4945CDBF /* ImageVis3D_Capturing.cpp */ = {isa = PBXFileReference; lastKnownFileType = sourcecode.cpp.cpp; name = ImageVis3D_Capturing.cpp; path = UI/ImageVis3D_Capturing.cpp; sourceTree = "<group>"; };
		918AAF30FE9F429450DD7331 /* SettingsDlg.cpp */ = {isa = PBXFileReference; lastKnownFileType = sourcecode.cpp.cpp; name = SettingsDlg.cpp; path = UI/SettingsDlg.cpp; sourceTree = "<group>"; };
		95F12B349F398D107CC72D5B /* QTLabelOut.h */ = {isa = PBXFileReference; lastKnownFileType = sourcecode.c.h; name = QTLabelOut.h; path = DebugOut/QTLabelOut.h; sourceTree = "<group>"; };
		965840B827FB88A252B0EE70 /* Histogram2DDataBlock.h */ = {isa = PBXFileReference; lastKnownFileType = sourcecode.c.h; name = Histogram2DDataBlock.h; path = IO/UVF/Histogram2DDataBlock.h; sourceTree = "<group>"; };
		9817526CFD9BE0461E5588A7 /* ImageVis3D_Progress.cpp */ = {isa = PBXFileReference; lastKnownFileType = sourcecode.cpp.cpp; name = ImageVis3D_Progress.cpp; path = UI/ImageVis3D_Progress.cpp; sourceTree = "<group>"; };
		9B36DA7E32F0304E780E7972 /* QtGui.framework */ = {isa = PBXFileReference; lastKnownFileType = wrapper.framework; name = QtGui.framework; path = /Library/Frameworks/QtGui.framework; sourceTree = "<absolute>"; };
		9B4DDF02E96ABFAE7D46BB5D /* SettingsDlg.ui */ = {isa = PBXFileReference; lastKnownFileType = text; name = SettingsDlg.ui; path = UI/UI/SettingsDlg.ui; sourceTree = "<group>"; };
		9E1E82F691A084D7A3931FC2 /* moc_BrowseData.cpp */ = {isa = PBXFileReference; lastKnownFileType = sourcecode.cpp.cpp; name = moc_BrowseData.cpp; path = UI/AutoGen/moc_BrowseData.cpp; sourceTree = "<group>"; };
		9E45BE5F6FBB23C8488ADFF8 /* ImageVis3D.h */ = {isa = PBXFileReference; lastKnownFileType = sourcecode.c.h; name = ImageVis3D.h; path = UI/ImageVis3D.h; sourceTree = "<group>"; };
		9E996EF86D172C978B06D33B /* LargeRAWFile.h */ = {isa = PBXFileReference; lastKnownFileType = sourcecode.c.h; name = LargeRAWFile.h; path = IO/UVF/LargeRAWFile.h; sourceTree = "<group>"; };
		9F2C4F9E57B3722D9F0504B6 /* GLTexture3D.h */ = {isa = PBXFileReference; lastKnownFileType = sourcecode.c.h; name = GLTexture3D.h; path = Renderer/GLTexture3D.h; sourceTree = "<group>"; };
		A0A5FC70F6192DC22F6653E9 /* QTransferFunction.cpp */ = {isa = PBXFileReference; lastKnownFileType = sourcecode.cpp.cpp; name = QTransferFunction.cpp; path = UI/QTransferFunction.cpp; sourceTree = "<group>"; };
		A4951C2E7E0E5DFC24D2D64B /* AbstrDebugOut.h */ = {isa = PBXFileReference; lastKnownFileType = sourcecode.c.h; name = AbstrDebugOut.h; path = DebugOut/AbstrDebugOut.h; sourceTree = "<group>"; };
		A60836856FA8105BACD0E8C2 /* Q2DTransferFunction.h */ = {isa = PBXFileReference; lastKnownFileType = sourcecode.c.h; name = Q2DTransferFunction.h; path = UI/Q2DTransferFunction.h; sourceTree = "<group>"; };
		A7E49D07EB8069678D8AC7A1 /* AbstrRenderer.cpp */ = {isa = PBXFileReference; lastKnownFileType = sourcecode.cpp.cpp; name = AbstrRenderer.cpp; path = Renderer/AbstrRenderer.cpp; sourceTree = "<group>"; };
		A83E008C8991414ADA9C811D /* SettingsDlg.h */ = {isa = PBXFileReference; lastKnownFileType = sourcecode.c.h; name = SettingsDlg.h; path = UI/SettingsDlg.h; sourceTree = "<group>"; };
		A9D31BBBB02067B1687FC5B0 /* GPUMemMan.h */ = {isa = PBXFileReference; lastKnownFileType = sourcecode.c.h; name = GPUMemMan.h; path = Renderer/GPUMemMan/GPUMemMan.h; sourceTree = "<group>"; };
		AD4BFB4E241CB0F8DBA7F687 /* IOManager.h */ = {isa = PBXFileReference; lastKnownFileType = sourcecode.c.h; name = IOManager.h; path = IO/IOManager.h; sourceTree = "<group>"; };
		AE3F94AFEE40A090B9145130 /* GLRenderer.h */ = {isa = PBXFileReference; lastKnownFileType = sourcecode.c.h; name = GLRenderer.h; path = Renderer/GLRenderer.h; sourceTree = "<group>"; };
		AEB402A8E12F27D955B5FD63 /* crc32.h */ = {isa = PBXFileReference; lastKnownFileType = sourcecode.c.h; name = crc32.h; path = Basics/Checksums/crc32.h; sourceTree = "<group>"; };
		B570716E648A884202BBE4FA /* SBVRGeogen.h */ = {isa = PBXFileReference; lastKnownFileType = sourcecode.c.h; name = SBVRGeogen.h; path = Renderer/SBVRGeogen.h; sourceTree = "<group>"; };
		B85C67A57826EA00FB7CE372 /* ConsoleOut.h */ = {isa = PBXFileReference; lastKnownFileType = sourcecode.c.h; name = ConsoleOut.h; path = DebugOut/ConsoleOut.h; sourceTree = "<group>"; };
		BD95A50BE6CF3B8EC057F9AF /* GPUMemManDataStructs.h */ = {isa = PBXFileReference; lastKnownFileType = sourcecode.c.h; name = GPUMemManDataStructs.h; path = Renderer/GPUMemMan/GPUMemManDataStructs.h; sourceTree = "<group>"; };
		BDB68AF37CB016C6E7089382 /* ImageVis3D_1DTransferFunction.cpp */ = {isa = PBXFileReference; lastKnownFileType = sourcecode.cpp.cpp; name = ImageVis3D_1DTransferFunction.cpp; path = UI/ImageVis3D_1DTransferFunction.cpp; sourceTree = "<group>"; };
		BF411B8C77E86F8888B21CD1 /* ImageParser.cpp */ = {isa = PBXFileReference; lastKnownFileType = sourcecode.cpp.cpp; name = ImageParser.cpp; path = IO/Images/ImageParser.cpp; sourceTree = "<group>"; };
		BFE3AF24B5BCE047EA1D751B /* GPUMemManDataStructs.cpp */ = {isa = PBXFileReference; lastKnownFileType = sourcecode.cpp.cpp; name = GPUMemManDataStructs.cpp; path = Renderer/GPUMemMan/GPUMemManDataStructs.cpp; sourceTree = "<group>"; };
		C08B9C91B13A537574A679D9 /* DirectoryParser.cpp */ = {isa = PBXFileReference; lastKnownFileType = sourcecode.cpp.cpp; name = DirectoryParser.cpp; path = IO/DirectoryParser.cpp; sourceTree = "<group>"; };
		C0952F64ADC02534010A6108 /* moc_SettingsDlg.cpp */ = {isa = PBXFileReference; lastKnownFileType = sourcecode.cpp.cpp; name = moc_SettingsDlg.cpp; path = UI/AutoGen/moc_SettingsDlg.cpp; sourceTree = "<group>"; };
		C0995966BBDD7BA1E8FBF1B6 /* Q1DTransferFunction.h */ = {isa = PBXFileReference; lastKnownFileType = sourcecode.c.h; name = Q1DTransferFunction.h; path = UI/Q1DTransferFunction.h; sourceTree = "<group>"; };
		C1A703A1EF655FCBA8FAA141 /* ArcBall.h */ = {isa = PBXFileReference; lastKnownFileType = sourcecode.c.h; name = ArcBall.h; path = Basics/ArcBall.h; sourceTree = "<group>"; };
		C32BD8D87AC76D234E7DA393 /* DICOMParser.h */ = {isa = PBXFileReference; lastKnownFileType = sourcecode.c.h; name = DICOMParser.h; path = IO/DICOM/DICOMParser.h; sourceTree = "<group>"; };
		C341DFF74DA47CA865D66E57 /* moc_PleaseWait.cpp */ = {isa = PBXFileReference; lastKnownFileType = sourcecode.cpp.cpp; name = moc_PleaseWait.cpp; path = UI/AutoGen/moc_PleaseWait.cpp; sourceTree = "<group>"; };
		C374004D45E01156F931B37D /* QtOpenGL.framework */ = {isa = PBXFileReference; lastKnownFileType = wrapper.framework; name = QtOpenGL.framework; path = /Library/Frameworks/QtOpenGL.framework; sourceTree = "<absolute>"; };
		C457F29B59D7E094F5065BDC /* VolumeDataset.cpp */ = {isa = PBXFileReference; lastKnownFileType = sourcecode.cpp.cpp; name = VolumeDataset.cpp; path = IO/VolumeDataset.cpp; sourceTree = "<group>"; };
		C61F2175C89BEC406625A35A /* GLTexture.cpp */ = {isa = PBXFileReference; lastKnownFileType = sourcecode.cpp.cpp; name = GLTexture.cpp; path = Renderer/GLTexture.cpp; sourceTree = "<group>"; };
		C6431D29074224F38381A0EC /* GLSBVR.h */ = {isa = PBXFileReference; lastKnownFileType = sourcecode.c.h; name = GLSBVR.h; path = Renderer/GLSBVR.h; sourceTree = "<group>"; };
		C6766F86E49E9C8701C8E637 /* AGL.framework */ = {isa = PBXFileReference; lastKnownFileType = wrapper.framework; name = AGL.framework; path = /System/Library/Frameworks/AGL.framework; sourceTree = "<absolute>"; };
		C6DD8FF3FEAF127A466AF41B /* PleaseWait.h */ = {isa = PBXFileReference; lastKnownFileType = sourcecode.c.h; name = PleaseWait.h; path = UI/PleaseWait.h; sourceTree = "<group>"; };
		CDABD8815EEBE169C73C5408 /* moc_QTransferFunction.cpp */ = {isa = PBXFileReference; lastKnownFileType = sourcecode.cpp.cpp; name = moc_QTransferFunction.cpp; path = UI/AutoGen/moc_QTransferFunction.cpp; sourceTree = "<group>"; };
		CDED69DABFD026CB41DF7357 /* Transferfunction2D.cpp */ = {isa = PBXFileReference; lastKnownFileType = sourcecode.cpp.cpp; name = Transferfunction2D.cpp; path = IO/Transferfunction2D.cpp; sourceTree = "<group>"; };
		D2A897C9E6BA2E3A5B7E876D /* BrowseData.h */ = {isa = PBXFileReference; lastKnownFileType = sourcecode.c.h; name = BrowseData.h; path = UI/BrowseData.h; sourceTree = "<group>"; };
		D2F466B18F96F398C2977D64 /* GLTexture1D.cpp */ = {isa = PBXFileReference; lastKnownFileType = sourcecode.cpp.cpp; name = GLTexture1D.cpp; path = Renderer/GLTexture1D.cpp; sourceTree = "<group>"; };
		D34CBB5673F95024FACB0322 /* ImageVis3D_Settings.cpp */ = {isa = PBXFileReference; lastKnownFileType = sourcecode.cpp.cpp; name = ImageVis3D_Settings.cpp; path = UI/ImageVis3D_Settings.cpp; sourceTree = "<group>"; };
		D536B62B183328BBD9B15935 /* GLSBVR.cpp */ = {isa = PBXFileReference; lastKnownFileType = sourcecode.cpp.cpp; name = GLSBVR.cpp; path = Renderer/GLSBVR.cpp; sourceTree = "<group>"; };
		D55650312B57A9ACB5F232F6 /* MasterController.cpp */ = {isa = PBXFileReference; lastKnownFileType = sourcecode.cpp.cpp; name = MasterController.cpp; path = Controller/MasterController.cpp; sourceTree = "<group>"; };
		D6356449410D6C3F1F8F183B /* ImageVis3D.pro */ = {isa = PBXFileReference; lastKnownFileType = text; path = ImageVis3D.pro; sourceTree = "<group>"; };
		D64C5809288031ACC2AE0567 /* GLFrameCapture.cpp */ = {isa = PBXFileReference; lastKnownFileType = sourcecode.cpp.cpp; name = GLFrameCapture.cpp; path = Renderer/GLFrameCapture.cpp; sourceTree = "<group>"; };
		D98C1AC87E6E066F2783D434 /* SysTools.cpp */ = {isa = PBXFileReference; lastKnownFileType = sourcecode.cpp.cpp; name = SysTools.cpp; path = Basics/SysTools.cpp; sourceTree = "<group>"; };
		DA138F75C9F545CDAE7FB264 /* Carbon.framework */ = {isa = PBXFileReference; lastKnownFileType = wrapper.framework; name = Carbon.framework; path = /System/Library/Frameworks/Carbon.framework; sourceTree = "<absolute>"; };
		DA18A6831232F53228631AD1 /* OpenGL.framework */ = {isa = PBXFileReference; lastKnownFileType = wrapper.framework; name = OpenGL.framework; path = /System/Library/Frameworks/OpenGL.framework; sourceTree = "<absolute>"; };
		DAEC8312EC8033F8ED26268C /* MD5.cpp */ = {isa = PBXFileReference; lastKnownFileType = sourcecode.cpp.cpp; name = MD5.cpp; path = Basics/Checksums/MD5.cpp; sourceTree = "<group>"; };
		DBC2FE469F07A4F66F31501E /* GLTexture2D.h */ = {isa = PBXFileReference; lastKnownFileType = sourcecode.c.h; name = GLTexture2D.h; path = Renderer/GLTexture2D.h; sourceTree = "<group>"; };
		DDADF6CA270DBC76FBB19294 /* GlobalHeader.cpp */ = {isa = PBXFileReference; lastKnownFileType = sourcecode.cpp.cpp; name = GlobalHeader.cpp; path = IO/UVF/GlobalHeader.cpp; sourceTree = "<group>"; };
		DFDC75C18EB8A796F5BD9E52 /* QTOut.h */ = {isa = PBXFileReference; lastKnownFileType = sourcecode.c.h; name = QTOut.h; path = DebugOut/QTOut.h; sourceTree = "<group>"; };
		E0C12FCC787A23CA1A4D061C /* GLSLProgram.h */ = {isa = PBXFileReference; lastKnownFileType = sourcecode.c.h; name = GLSLProgram.h; path = Renderer/GLSLProgram.h; sourceTree = "<group>"; };
		E38F7B47A08502C49F34418D /* ui_ImageVis3D.h */ = {isa = PBXFileReference; lastKnownFileType = sourcecode.c.h; name = ui_ImageVis3D.h; path = UI/AutoGen/ui_ImageVis3D.h; sourceTree = "<group>"; };
		E3A2011DD2E02F907D0E306B /* glxew.h */ = {isa = PBXFileReference; lastKnownFileType = sourcecode.c.h; name = glxew.h; path = 3rdParty/GLEW/glxew.h; sourceTree = "<group>"; };
		E3E7EEA12463C1B8A75468EE /* PleaseWait.ui */ = {isa = PBXFileReference; lastKnownFileType = text; name = PleaseWait.ui; path = UI/UI/PleaseWait.ui; sourceTree = "<group>"; };
		E5756337FF9BBB4E0B8908F3 /* LargeRAWFile.cpp */ = {isa = PBXFileReference; lastKnownFileType = sourcecode.cpp.cpp; name = LargeRAWFile.cpp; path = IO/UVF/LargeRAWFile.cpp; sourceTree = "<group>"; };
		E73AAA18A3909B92AF09D310 /* GLRaycaster.h */ = {isa = PBXFileReference; lastKnownFileType = sourcecode.c.h; name = GLRaycaster.h; path = Renderer/GLRaycaster.h; sourceTree = "<group>"; };
		E83EF1288E8535A5E5C68E6D /* ui_PleaseWait.h */ = {isa = PBXFileReference; lastKnownFileType = sourcecode.c.h; name = ui_PleaseWait.h; path = UI/AutoGen/ui_PleaseWait.h; sourceTree = "<group>"; };
		EA5A0F8CA2043D357A7A2171 /* TextfileOut.h */ = {isa = PBXFileReference; lastKnownFileType = sourcecode.c.h; name = TextfileOut.h; path = DebugOut/TextfileOut.h; sourceTree = "<group>"; };
		EC11210740121610771BD38F /* RasterDataBlock.cpp */ = {isa = PBXFileReference; lastKnownFileType = sourcecode.cpp.cpp; name = RasterDataBlock.cpp; path = IO/UVF/RasterDataBlock.cpp; sourceTree = "<group>"; };
		ED0E2DEE111AE5B19D05E7AE /* CullingLOD.h */ = {isa = PBXFileReference; lastKnownFileType = sourcecode.c.h; name = CullingLOD.h; path = Renderer/CullingLOD.h; sourceTree = "<group>"; };
		EE120F5C0C81EF1330F6082C /* IOManager.cpp */ = {isa = PBXFileReference; lastKnownFileType = sourcecode.cpp.cpp; name = IOManager.cpp; path = IO/IOManager.cpp; sourceTree = "<group>"; };
		EE927BDB3F2027DD338C1AA7 /* QDataRadioButton.cpp */ = {isa = PBXFileReference; lastKnownFileType = sourcecode.cpp.cpp; name = QDataRadioButton.cpp; path = UI/QDataRadioButton.cpp; sourceTree = "<group>"; };
		EF689F3255B541A9EAE28E1F /* SystemInfo.cpp */ = {isa = PBXFileReference; lastKnownFileType = sourcecode.cpp.cpp; name = SystemInfo.cpp; path = Basics/SystemInfo.cpp; sourceTree = "<group>"; };
		F2CF4CF00D431E5720BE6BA3 /* MaxMinDataBlock.h */ = {isa = PBXFileReference; lastKnownFileType = sourcecode.c.h; name = MaxMinDataBlock.h; path = IO/UVF/MaxMinDataBlock.h; sourceTree = "<group>"; };
		F599F6D263D14DBF1CE19BE2 /* UVFTables.cpp */ = {isa = PBXFileReference; lastKnownFileType = sourcecode.cpp.cpp; name = UVFTables.cpp; path = IO/UVF/UVFTables.cpp; sourceTree = "<group>"; };
		F72F5B15AF9929C5B1D4133E /* KeyValueFileParser.cpp */ = {isa = PBXFileReference; lastKnownFileType = sourcecode.cpp.cpp; name = KeyValueFileParser.cpp; path = IO/KeyValueFileParser.cpp; sourceTree = "<group>"; };
		FA346F3B1EC7C0F98771CA75 /* Histogram1DDataBlock.h */ = {isa = PBXFileReference; lastKnownFileType = sourcecode.c.h; name = Histogram1DDataBlock.h; path = IO/UVF/Histogram1DDataBlock.h; sourceTree = "<group>"; };
		FB0B293620834E59430642CA /* QTOut.cpp */ = {isa = PBXFileReference; lastKnownFileType = sourcecode.cpp.cpp; name = QTOut.cpp; path = DebugOut/QTOut.cpp; sourceTree = "<group>"; };
		FB26BAAFAFD769CD010FE214 /* MultiplexOut.h */ = {isa = PBXFileReference; lastKnownFileType = sourcecode.c.h; name = MultiplexOut.h; path = DebugOut/MultiplexOut.h; sourceTree = "<group>"; };
		FBCFA4A3C75760577F7389D5 /* GLInclude.h */ = {isa = PBXFileReference; lastKnownFileType = sourcecode.c.h; name = GLInclude.h; path = Renderer/GLInclude.h; sourceTree = "<group>"; };
/* End PBXFileReference section */

/* Begin PBXFrameworksBuildPhase section */
		2A1043669E6E5A7426EA502A /* Frameworks & Libraries */ = {
			isa = PBXFrameworksBuildPhase;
			buildActionMask = 2147483647;
			files = (
				450A0D11527AF164AEFE7377 /* QtOpenGL.framework in Frameworks & Libraries */,
				501667F26B3C1FF6767A7C12 /* QtGui.framework in Frameworks & Libraries */,
				C8FD4A1AAA37CF2CA2824CCF /* Carbon.framework in Frameworks & Libraries */,
				51D4DBF7CB8537BE86EBD055 /* AppKit.framework in Frameworks & Libraries */,
				069D05B0128AE5DC7EE31738 /* QtCore.framework in Frameworks & Libraries */,
				F9E76E570E10AF14870553A7 /* ApplicationServices.framework in Frameworks & Libraries */,
				BCEF71E1EDFB18DA77DC750B /* OpenGL.framework in Frameworks & Libraries */,
				0C6D4628EE0B0D1479A20551 /* AGL.framework in Frameworks & Libraries */,
			);
			name = "Frameworks & Libraries";
			runOnlyForDeploymentPostprocessing = 0;
		};
/* End PBXFrameworksBuildPhase section */

/* Begin PBXGroup section */
		03CF06F728FA49722BD955F4 /* UI */ = {
			isa = PBXGroup;
			children = (
				61CB14BB2AAED346147D27DE /* UI */,
			);
			name = UI;
			sourceTree = "<group>";
		};
		05596AB53D8D521C69802C27 /* ImageVis3D */ = {
			isa = PBXGroup;
			children = (
				FB61758D0F0FDA4BA867C3D5 /* Sources */,
				46E892BBB6BB6952967E0561 /* Temporary Sources */,
				883D7615C4D2DE3FA1218F12 /* Headers */,
				7CABE3C80E79AD2B307756D2 /* Sources [qmake] */,
				EEC299C65D5017EB9DD513B0 /* Sources [UIC] */,
				ED1E82605DD74B483AF3C982 /* External Frameworks and Libraries */,
				568C8B190EDD08A50033278C /* Products */,
			);
			name = ImageVis3D;
			sourceTree = "<group>";
		};
		0BDE2F1BC80D9AD9C323897F /* AutoGen */ = {
			isa = PBXGroup;
			children = (
				C0952F64ADC02534010A6108 /* moc_SettingsDlg.cpp */,
				9E1E82F691A084D7A3931FC2 /* moc_BrowseData.cpp */,
				797E60C086ABF8ED81C69C96 /* moc_ImageVis3D.cpp */,
				C341DFF74DA47CA865D66E57 /* moc_PleaseWait.cpp */,
				CDABD8815EEBE169C73C5408 /* moc_QTransferFunction.cpp */,
				5B6BE7F87CDDF1AA57682FAC /* moc_Q1DTransferFunction.cpp */,
				175B1EBFEA09DD63969BC9EE /* moc_Q2DTransferFunction.cpp */,
				40C0DA1B4335F681242D4183 /* moc_RenderWindow.cpp */,
				4522C39C27B8653DC5FF47F4 /* ui_BrowseData.h */,
				E38F7B47A08502C49F34418D /* ui_ImageVis3D.h */,
				E83EF1288E8535A5E5C68E6D /* ui_PleaseWait.h */,
				7CDDDD11E39654DB29B809E0 /* ui_SettingsDlg.h */,
			);
			name = AutoGen;
			sourceTree = "<group>";
		};
		11ED5CBEE1492C01D1C7B4BA /* GPUMemMan */ = {
			isa = PBXGroup;
			children = (
				A9D31BBBB02067B1687FC5B0 /* GPUMemMan.h */,
				BD95A50BE6CF3B8EC057F9AF /* GPUMemManDataStructs.h */,
			);
			name = GPUMemMan;
			sourceTree = "<group>";
		};
		1AD9DF811FE021146CB77EBD /* IO */ = {
			isa = PBXGroup;
			children = (
				F72F5B15AF9929C5B1D4133E /* KeyValueFileParser.cpp */,
				3D580B408584C358D4210722 /* Transferfunction1D.cpp */,
				CDED69DABFD026CB41DF7357 /* Transferfunction2D.cpp */,
				C457F29B59D7E094F5065BDC /* VolumeDataset.cpp */,
				EE120F5C0C81EF1330F6082C /* IOManager.cpp */,
				C08B9C91B13A537574A679D9 /* DirectoryParser.cpp */,
				6AFE3C9D1244F5A0DF5D6C73 /* DICOM */,
				E23A8DA2D2BEDFBFE2478843 /* Images */,
				C2C2EE2394F56B7140C70566 /* UVF */,
			);
			name = IO;
			sourceTree = "<group>";
		};
		357505ABEBA93C6AB01EF243 /* Checksums */ = {
			isa = PBXGroup;
			children = (
				DAEC8312EC8033F8ED26268C /* MD5.cpp */,
			);
			name = Checksums;
			sourceTree = "<group>";
		};
		444BF3B21846B134C41D2134 /* UI */ = {
			isa = PBXGroup;
			children = (
				0BDE2F1BC80D9AD9C323897F /* AutoGen */,
			);
			name = UI;
			sourceTree = "<group>";
		};
		46E892BBB6BB6952967E0561 /* Temporary Sources */ = {
			isa = PBXGroup;
			children = (
				444BF3B21846B134C41D2134 /* UI */,
			);
			name = "Temporary Sources";
			sourceTree = "<group>";
		};
		53081DFAE5B8AB0B149943A0 /* IO */ = {
			isa = PBXGroup;
			children = (
				6971A2695EAB929B8A844181 /* DirectoryParser.h */,
				171538B0BD87DDE441A7BDB4 /* KeyValueFileParser.h */,
				1AFF5E40DBA2AB863E40B0E0 /* Transferfunction1D.h */,
				24B24185A9A9D4F6AEB21C0F /* Transferfunction2D.h */,
				296750B5998C38E9DDFB4D58 /* VolumeDataset.h */,
				AD4BFB4E241CB0F8DBA7F687 /* IOManager.h */,
				793067A8082D6E549A279CF2 /* DICOM */,
				D2EF5461F886AB4819EA3DE7 /* Images */,
				F011538FD7D672099A98BBCE /* UVF */,
			);
			name = IO;
			sourceTree = "<group>";
		};
		568C8B190EDD08A50033278C /* Products */ = {
			isa = PBXGroup;
			children = (
				568C8B180EDD08A50033278C /* ImageVis3D.app */,
			);
			name = Products;
			sourceTree = "<group>";
		};
		61CB14BB2AAED346147D27DE /* UI */ = {
			isa = PBXGroup;
			children = (
				26462B938C217A18CFCAD4CC /* BrowseData.ui */,
				1727EE1830E09FD641794402 /* ImageVis3D.ui */,
				E3E7EEA12463C1B8A75468EE /* PleaseWait.ui */,
				9B4DDF02E96ABFAE7D46BB5D /* SettingsDlg.ui */,
			);
			name = UI;
			sourceTree = "<group>";
		};
		6881FCB064DEA4E29798B3AD /* Basics */ = {
			isa = PBXGroup;
			children = (
				03A6212F10E1DAE678AC1C70 /* Grids.h */,
				757D1D26DD65982912FEB4AA /* SysTools.h */,
				058D8A5C975BCFDBB81402CE /* Vectors.h */,
				79291845C7D89DDCC7FC930E /* MathTools.h */,
				C1A703A1EF655FCBA8FAA141 /* ArcBall.h */,
				CDAC2C102190F9277C11AC00 /* Checksums */,
			);
			name = Basics;
			sourceTree = "<group>";
		};
		6AFE3C9D1244F5A0DF5D6C73 /* DICOM */ = {
			isa = PBXGroup;
			children = (
				88B53055C26A8AFBA8166DD3 /* DICOMParser.cpp */,
			);
			name = DICOM;
			sourceTree = "<group>";
		};
		793067A8082D6E549A279CF2 /* DICOM */ = {
			isa = PBXGroup;
			children = (
				C32BD8D87AC76D234E7DA393 /* DICOMParser.h */,
			);
			name = DICOM;
			sourceTree = "<group>";
		};
		7CABE3C80E79AD2B307756D2 /* Sources [qmake] */ = {
			isa = PBXGroup;
			children = (
				D6356449410D6C3F1F8F183B /* ImageVis3D.pro */,
			);
			name = "Sources [qmake]";
			sourceTree = "<group>";
		};
		868DA4DC518D93E8E1F97C47 /* Renderer */ = {
			isa = PBXGroup;
			children = (
				826320BDCDD00C5439F2BFDB /* CullingLOD.cpp */,
				D64C5809288031ACC2AE0567 /* GLFrameCapture.cpp */,
				40ADC9AB41209751530183DC /* GLSLProgram.cpp */,
				C61F2175C89BEC406625A35A /* GLTexture.cpp */,
				D2F466B18F96F398C2977D64 /* GLTexture1D.cpp */,
				69BB139B7EAA186012AE4B27 /* GLTexture2D.cpp */,
				517345D954671A2FD0A1C64C /* GLTexture3D.cpp */,
				0487BA074FC13168E2071658 /* GLRenderer.cpp */,
				A7E49D07EB8069678D8AC7A1 /* AbstrRenderer.cpp */,
				32387813571BC286F89FB00F /* GLRaycaster.cpp */,
				D536B62B183328BBD9B15935 /* GLSBVR.cpp */,
				FE6D9233EB382CA5FA233E58 /* GPUMemMan */,
				5F49E1F49F731BEE03C8ED83 /* SBVRGeogen.cpp */,
				25216EA7A91323AE5A2CAFE6 /* GLFBOTex.cpp */,
			);
			name = Renderer;
			sourceTree = "<group>";
		};
		883D7615C4D2DE3FA1218F12 /* Headers */ = {
			isa = PBXGroup;
			children = (
				835E64FDF05CB8A49C0D76F4 /* StdDefines.h */,
				6881FCB064DEA4E29798B3AD /* Basics */,
				9FA9B2DB05EF9049DE253C52 /* UI */,
				53081DFAE5B8AB0B149943A0 /* IO */,
				A9B07801095FD7B0555EAD74 /* Controller */,
				C971722AB140FC0D25F2053A /* DebugOut */,
				9803B7C5088E7E8106CE36E9 /* 3rdParty */,
				DE8107DF38095D4C8A422A1E /* Renderer */,
			);
			name = Headers;
			sourceTree = "<group>";
		};
		88A79AACAFC37029ED3D6944 /* Basics */ = {
			isa = PBXGroup;
			children = (
				EF689F3255B541A9EAE28E1F /* SystemInfo.cpp */,
				D98C1AC87E6E066F2783D434 /* SysTools.cpp */,
				3A9AEE976CABFD5A154FCBFF /* MathTools.cpp */,
				4B53D791176221E2ECB89982 /* ArcBall.cpp */,
				357505ABEBA93C6AB01EF243 /* Checksums */,
			);
			name = Basics;
			sourceTree = "<group>";
		};
		8AF6521712189A2B67076D37 /* Controller */ = {
			isa = PBXGroup;
			children = (
				D55650312B57A9ACB5F232F6 /* MasterController.cpp */,
			);
			name = Controller;
			sourceTree = "<group>";
		};
		8DA6E0C5114970AF97A3D172 /* GLEW */ = {
			isa = PBXGroup;
			children = (
				56E68DDC07EE3E157D77EF94 /* glew.h */,
				E3A2011DD2E02F907D0E306B /* glxew.h */,
			);
			name = GLEW;
			sourceTree = "<group>";
		};
		916E418E6C26ECBA8DB00594 /* GLEW */ = {
			isa = PBXGroup;
			children = (
				4DFFB218207927E621D124D0 /* glew.c */,
			);
			name = GLEW;
			sourceTree = "<group>";
		};
		9803B7C5088E7E8106CE36E9 /* 3rdParty */ = {
			isa = PBXGroup;
			children = (
				8DA6E0C5114970AF97A3D172 /* GLEW */,
			);
			name = 3rdParty;
			sourceTree = "<group>";
		};
		9FA9B2DB05EF9049DE253C52 /* UI */ = {
			isa = PBXGroup;
			children = (
				A83E008C8991414ADA9C811D /* SettingsDlg.h */,
				D2A897C9E6BA2E3A5B7E876D /* BrowseData.h */,
				9E45BE5F6FBB23C8488ADFF8 /* ImageVis3D.h */,
				C6DD8FF3FEAF127A466AF41B /* PleaseWait.h */,
				455500DAA170CE45251D89C0 /* QTransferFunction.h */,
				C0995966BBDD7BA1E8FBF1B6 /* Q1DTransferFunction.h */,
				A60836856FA8105BACD0E8C2 /* Q2DTransferFunction.h */,
				637A24CAC534D50BF79EFB34 /* QDataRadioButton.h */,
				26952C15E03EFFB67648B0BE /* RenderWindow.h */,
			);
			name = UI;
			sourceTree = "<group>";
		};
		A15A6E79C794EFC5B4D3B961 /* 3rdParty */ = {
			isa = PBXGroup;
			children = (
				916E418E6C26ECBA8DB00594 /* GLEW */,
			);
			name = 3rdParty;
			sourceTree = "<group>";
		};
		A9B07801095FD7B0555EAD74 /* Controller */ = {
			isa = PBXGroup;
			children = (
				35EEAD83B47D913489333138 /* MasterController.h */,
			);
			name = Controller;
			sourceTree = "<group>";
		};
		C2C2EE2394F56B7140C70566 /* UVF */ = {
			isa = PBXGroup;
			children = (
				7A77428AE3777911F66771DD /* DataBlock.cpp */,
				DDADF6CA270DBC76FBB19294 /* GlobalHeader.cpp */,
				85AB00992626DFE86F263A9E /* KeyValuePairDataBlock.cpp */,
				E5756337FF9BBB4E0B8908F3 /* LargeRAWFile.cpp */,
				EC11210740121610771BD38F /* RasterDataBlock.cpp */,
				39F8E48ABF1DFC3D74406FCE /* UVF.cpp */,
				F599F6D263D14DBF1CE19BE2 /* UVFTables.cpp */,
				4A39709595253CF1F5C25274 /* Histogram1DDataBlock.cpp */,
				5AC0772431568BACAD4559FF /* Histogram2DDataBlock.cpp */,
				892FB412DA588DDB57398ECD /* MaxMinDataBlock.cpp */,
			);
			name = UVF;
			sourceTree = "<group>";
		};
		C971722AB140FC0D25F2053A /* DebugOut */ = {
			isa = PBXGroup;
			children = (
				A4951C2E7E0E5DFC24D2D64B /* AbstrDebugOut.h */,
				EA5A0F8CA2043D357A7A2171 /* TextfileOut.h */,
				DFDC75C18EB8A796F5BD9E52 /* QTOut.h */,
				95F12B349F398D107CC72D5B /* QTLabelOut.h */,
				B85C67A57826EA00FB7CE372 /* ConsoleOut.h */,
				FB26BAAFAFD769CD010FE214 /* MultiplexOut.h */,
			);
			name = DebugOut;
			sourceTree = "<group>";
		};
		CDAC2C102190F9277C11AC00 /* Checksums */ = {
			isa = PBXGroup;
			children = (
				10EDCB3D20223F69059A8321 /* MD5.h */,
				AEB402A8E12F27D955B5FD63 /* crc32.h */,
			);
			name = Checksums;
			sourceTree = "<group>";
		};
		D2EF5461F886AB4819EA3DE7 /* Images */ = {
			isa = PBXGroup;
			children = (
				2269571BCF6110C11D81A51A /* ImageParser.h */,
			);
			name = Images;
			sourceTree = "<group>";
		};
		DE8107DF38095D4C8A422A1E /* Renderer */ = {
			isa = PBXGroup;
			children = (
				1237F86551383A7CF339FA6A /* FrameCapture.h */,
				2E2300B4558F81110EC5602A /* GLFrameCapture.h */,
				ED0E2DEE111AE5B19D05E7AE /* CullingLOD.h */,
				E0C12FCC787A23CA1A4D061C /* GLSLProgram.h */,
				FBCFA4A3C75760577F7389D5 /* GLInclude.h */,
				4662D990210813C8B0FED48F /* GLObject.h */,
				4F5DE0355A7601CFCC203133 /* GLTexture.h */,
				8DBFA3273870000AEE95F652 /* GLTexture1D.h */,
				DBC2FE469F07A4F66F31501E /* GLTexture2D.h */,
				9F2C4F9E57B3722D9F0504B6 /* GLTexture3D.h */,
				AE3F94AFEE40A090B9145130 /* GLRenderer.h */,
				8A56CBF5D785420F72FD300A /* AbstrRenderer.h */,
				E73AAA18A3909B92AF09D310 /* GLRaycaster.h */,
				C6431D29074224F38381A0EC /* GLSBVR.h */,
				11ED5CBEE1492C01D1C7B4BA /* GPUMemMan */,
				B570716E648A884202BBE4FA /* SBVRGeogen.h */,
			);
			name = Renderer;
			sourceTree = "<group>";
		};
		E23A8DA2D2BEDFBFE2478843 /* Images */ = {
			isa = PBXGroup;
			children = (
				BF411B8C77E86F8888B21CD1 /* ImageParser.cpp */,
			);
			name = Images;
			sourceTree = "<group>";
		};
		EC66114B856053AC6947C4C0 /* DebugOut */ = {
			isa = PBXGroup;
			children = (
				3C369E9B35CA998E6753D9D1 /* TextfileOut.cpp */,
				FB0B293620834E59430642CA /* QTOut.cpp */,
				05564724A26783D749F1DFED /* QTLabelOut.cpp */,
				73B4C4A8373180BC69347DE2 /* ConsoleOut.cpp */,
				0B328B44C0332EC0DB40C97B /* MultiplexOut.cpp */,
			);
			name = DebugOut;
			sourceTree = "<group>";
		};
		ED1E82605DD74B483AF3C982 /* External Frameworks and Libraries */ = {
			isa = PBXGroup;
			children = (
				C374004D45E01156F931B37D /* QtOpenGL.framework */,
				9B36DA7E32F0304E780E7972 /* QtGui.framework */,
				DA138F75C9F545CDAE7FB264 /* Carbon.framework */,
				821416211D63F190AAAD016A /* AppKit.framework */,
				7BC2E65A5E699A5E5D834CA2 /* QtCore.framework */,
				27AE7A480FD6C52FCA80FECD /* ApplicationServices.framework */,
				DA18A6831232F53228631AD1 /* OpenGL.framework */,
				C6766F86E49E9C8701C8E637 /* AGL.framework */,
			);
			name = "External Frameworks and Libraries";
			sourceTree = "<group>";
		};
		EEC299C65D5017EB9DD513B0 /* Sources [UIC] */ = {
			isa = PBXGroup;
			children = (
				03CF06F728FA49722BD955F4 /* UI */,
			);
			name = "Sources [UIC]";
			sourceTree = "<group>";
		};
		F011538FD7D672099A98BBCE /* UVF */ = {
			isa = PBXGroup;
			children = (
				5F5C180F657004FA1A2F7479 /* DataBlock.h */,
				1EF222E52174030AF5ADAFF1 /* GlobalHeader.h */,
				45AF0E291E4E00D6CBA20804 /* KeyValuePairDataBlock.h */,
				9E996EF86D172C978B06D33B /* LargeRAWFile.h */,
				0DB43EC509ED9FC6CE7F0F68 /* RasterDataBlock.h */,
				4F39292F119643BE52630A4B /* UVF.h */,
				351CD9FB2D3C5C85B496A430 /* UVFBasic.h */,
				872585EA43F5C3C60048FC57 /* UVFTables.h */,
				FA346F3B1EC7C0F98771CA75 /* Histogram1DDataBlock.h */,
				965840B827FB88A252B0EE70 /* Histogram2DDataBlock.h */,
				F2CF4CF00D431E5720BE6BA3 /* MaxMinDataBlock.h */,
			);
			name = UVF;
			sourceTree = "<group>";
		};
		F697C2611F9EA66F8C819228 /* UI */ = {
			isa = PBXGroup;
			children = (
				4279343C8760169DB5C8DCC5 /* BrowseData.cpp */,
				42C4A4D153B2B116249852FE /* ImageVis3D.cpp */,
				8F725444B0FFE10A4945CDBF /* ImageVis3D_Capturing.cpp */,
				9817526CFD9BE0461E5588A7 /* ImageVis3D_Progress.cpp */,
				BDB68AF37CB016C6E7089382 /* ImageVis3D_1DTransferFunction.cpp */,
				630A40EF0D63C44060B4FDC3 /* ImageVis3D_2DTransferFunction.cpp */,
				0D1B69ACD7171EF0792527BC /* ImageVis3D_FileHandling.cpp */,
				14C6B3600AF482B4B106D697 /* ImageVis3D_WindowHandling.cpp */,
				248FFD14E2898068F4DF8D9A /* ImageVis3D_DebugWindow.cpp */,
				D34CBB5673F95024FACB0322 /* ImageVis3D_Settings.cpp */,
				78BAC5CC6048063D7B1FF4BD /* PleaseWait.cpp */,
				A0A5FC70F6192DC22F6653E9 /* QTransferFunction.cpp */,
				57642517CD31AA70C457172E /* Q1DTransferFunction.cpp */,
				780F8A2AAE0CACE78F5B3713 /* Q2DTransferFunction.cpp */,
				EE927BDB3F2027DD338C1AA7 /* QDataRadioButton.cpp */,
				2D35139F03183DA58A907984 /* RenderWindow.cpp */,
				918AAF30FE9F429450DD7331 /* SettingsDlg.cpp */,
			);
			name = UI;
			sourceTree = "<group>";
		};
		FB61758D0F0FDA4BA867C3D5 /* Sources */ = {
			isa = PBXGroup;
			children = (
				A15A6E79C794EFC5B4D3B961 /* 3rdParty */,
				88A79AACAFC37029ED3D6944 /* Basics */,
				F697C2611F9EA66F8C819228 /* UI */,
				1AD9DF811FE021146CB77EBD /* IO */,
				8AF6521712189A2B67076D37 /* Controller */,
				EC66114B856053AC6947C4C0 /* DebugOut */,
				868DA4DC518D93E8E1F97C47 /* Renderer */,
				118FCBAABA162BA17933C789 /* main.cpp */,
			);
			name = Sources;
			sourceTree = "<group>";
		};
		FE6D9233EB382CA5FA233E58 /* GPUMemMan */ = {
			isa = PBXGroup;
			children = (
				7D19C46AC1397C5DC0CA1194 /* GPUMemMan.cpp */,
				BFE3AF24B5BCE047EA1D751B /* GPUMemManDataStructs.cpp */,
			);
			name = GPUMemMan;
			sourceTree = "<group>";
		};
/* End PBXGroup section */

/* Begin PBXNativeTarget section */
		1D830425BF351FAA1C7C054A /* ImageVis3D */ = {
			isa = PBXNativeTarget;
			buildConfigurationList = 568C8B220EDD08C40033278C /* Build configuration list for PBXNativeTarget "ImageVis3D" */;
			buildPhases = (
				D7BA7D76DAB5DD13389D6332 /* Qt Qmake */,
				A0A52A2ADF7A1E2A99738674 /* Qt Preprocessors */,
				F6069D5A5DA8AA28EDB8B3C6 /* Project Copy */,
				C29B8785722055ED95EF7B57 /* Build Sources */,
				2A1043669E6E5A7426EA502A /* Frameworks & Libraries */,
				3787F99312C85FF0073FD7BA /* Bundle Resources */,
			);
			buildRules = (
			);
			dependencies = (
			);
			name = ImageVis3D;
			productInstallPath = Build/OSX/Bin/;
			productName = ImageVis3D;
			productReference = 568C8B180EDD08A50033278C /* ImageVis3D.app */;
			productType = "com.apple.product-type.application";
		};
/* End PBXNativeTarget section */

/* Begin PBXProject section */
		91B15E841AA80083484172DE /* Project object */ = {
			isa = PBXProject;
			buildConfigurationList = 2A951308CDB28F104D0A4BD2 /* Build configuration list for PBXProject "ImageVis3D" */;
			compatibilityVersion = "Xcode 2.4";
			hasScannedForEncodings = 1;
			mainGroup = 05596AB53D8D521C69802C27 /* ImageVis3D */;
			productRefGroup = 568C8B190EDD08A50033278C /* Products */;
			projectDirPath = "";
			projectRoot = "";
			targets = (
				1D830425BF351FAA1C7C054A /* ImageVis3D */,
			);
		};
/* End PBXProject section */

/* Begin PBXResourcesBuildPhase section */
		3787F99312C85FF0073FD7BA /* Bundle Resources */ = {
			isa = PBXResourcesBuildPhase;
			buildActionMask = 2147483647;
			files = (
			);
			name = "Bundle Resources";
			runOnlyForDeploymentPostprocessing = 0;
		};
/* End PBXResourcesBuildPhase section */

/* Begin PBXShellScriptBuildPhase section */
		A0A52A2ADF7A1E2A99738674 /* Qt Preprocessors */ = {
			isa = PBXShellScriptBuildPhase;
			buildActionMask = 2147483647;
			files = (
			);
			name = "Qt Preprocessors";
			runOnlyForDeploymentPostprocessing = 0;
			shellPath = /bin/sh;
			shellScript = "make -C /Users/krueger/Documents/Projects/ImageVis3D -f ImageVis3D.xcodeproj/qt_preprocess.mak";
		};
		D7BA7D76DAB5DD13389D6332 /* Qt Qmake */ = {
			isa = PBXShellScriptBuildPhase;
			buildActionMask = 2147483647;
			files = (
			);
			name = "Qt Qmake";
			runOnlyForDeploymentPostprocessing = 0;
			shellPath = /bin/sh;
			shellScript = "make -C /Users/krueger/Documents/Projects/ImageVis3D -f ImageVis3D.xcodeproj/qt_makeqmake.mak";
		};
/* End PBXShellScriptBuildPhase section */

/* Begin PBXSourcesBuildPhase section */
		C29B8785722055ED95EF7B57 /* Build Sources */ = {
			isa = PBXSourcesBuildPhase;
			buildActionMask = 2147483647;
			files = (
				695105576DFD02C244707557 /* glew.c in Build Sources */,
				A02C14B3A57F8357848356AF /* SystemInfo.cpp in Build Sources */,
				3B5B8771F86A16B476079AFD /* SysTools.cpp in Build Sources */,
				3EF8C553965D802946BE40E3 /* MathTools.cpp in Build Sources */,
				14A0B1A5B564C5CD70C16CCB /* ArcBall.cpp in Build Sources */,
				F7FE326425DA8FE33D94CF65 /* MD5.cpp in Build Sources */,
				ED41C217D1C276C026E4CAF5 /* BrowseData.cpp in Build Sources */,
				0011FFECDA5B7055DA03DE38 /* ImageVis3D.cpp in Build Sources */,
				AE05E7CB91E11430F6581D3D /* ImageVis3D_Capturing.cpp in Build Sources */,
				6E133D705D4176DF9E39C54B /* ImageVis3D_Progress.cpp in Build Sources */,
				4DDE4064DB0774E34D110AE5 /* ImageVis3D_1DTransferFunction.cpp in Build Sources */,
				9C7AB5A9D8D752DCA3439DC8 /* ImageVis3D_2DTransferFunction.cpp in Build Sources */,
				E29CADDC0DD0406110734BCA /* ImageVis3D_FileHandling.cpp in Build Sources */,
				58DC7FC5A53A82BA121CBD41 /* ImageVis3D_WindowHandling.cpp in Build Sources */,
				107343977E061C75AE8CCC78 /* ImageVis3D_DebugWindow.cpp in Build Sources */,
				7C79BC3DB804B7BC8C37F1C3 /* ImageVis3D_Settings.cpp in Build Sources */,
				7A5438E038EB8FC6F3F239AC /* PleaseWait.cpp in Build Sources */,
				534C51AB117993C3AD373D2A /* QTransferFunction.cpp in Build Sources */,
				EEB4E9F2ECBE9A630C684795 /* Q1DTransferFunction.cpp in Build Sources */,
				29E2F0005D8612EAF4A9149A /* Q2DTransferFunction.cpp in Build Sources */,
				F89A9BCE2C72AA94A06AEB9B /* QDataRadioButton.cpp in Build Sources */,
				1B135A5239FEE80ADACB29AF /* RenderWindow.cpp in Build Sources */,
				CAA8FA63CBB88EE3FE20EB5F /* SettingsDlg.cpp in Build Sources */,
				15C854B44658D93B99CCB833 /* KeyValueFileParser.cpp in Build Sources */,
				28F282390EDF7B98F2D4034F /* Transferfunction1D.cpp in Build Sources */,
				FD2BA7D9189470835DE9F51A /* Transferfunction2D.cpp in Build Sources */,
				DC04348B886A7D2A2896752F /* VolumeDataset.cpp in Build Sources */,
				47544AAB6AACB7CABA6FC1E5 /* IOManager.cpp in Build Sources */,
				7A315830AD5B12ECFF4CA667 /* DirectoryParser.cpp in Build Sources */,
				8020BCB6BFE0FEE3B325E4CF /* DICOMParser.cpp in Build Sources */,
				2CBC38F8D1F2153CF11CBD9D /* ImageParser.cpp in Build Sources */,
				1D7FAB624FE741E819ED4509 /* DataBlock.cpp in Build Sources */,
				AC72B93973DBC96E33D6CB41 /* GlobalHeader.cpp in Build Sources */,
				81BEE0B5C126D7E944EC6723 /* KeyValuePairDataBlock.cpp in Build Sources */,
				653659439998388E660F0BB1 /* LargeRAWFile.cpp in Build Sources */,
				DD647796F3BD130839147975 /* RasterDataBlock.cpp in Build Sources */,
				060F7808677E7D817EC22D23 /* UVF.cpp in Build Sources */,
				E62A98E9FF372D51B7A9EB97 /* UVFTables.cpp in Build Sources */,
				8306721FE0B929539198EB11 /* Histogram1DDataBlock.cpp in Build Sources */,
				9425A59EFB72FC24AD340ED7 /* Histogram2DDataBlock.cpp in Build Sources */,
				076562ED4ABEB9499641AFC4 /* MaxMinDataBlock.cpp in Build Sources */,
				93B6C0962FDA1F817B966B0F /* MasterController.cpp in Build Sources */,
				776CCBE269DD25E7981AC903 /* TextfileOut.cpp in Build Sources */,
				63BB7BAC53ED344642482534 /* QTOut.cpp in Build Sources */,
				DFAEE19B4D6D40F41CBAB66D /* QTLabelOut.cpp in Build Sources */,
				A9462FE6DB1B06383F0ECC4F /* ConsoleOut.cpp in Build Sources */,
				3C8E7C3294FB0FA301372F66 /* MultiplexOut.cpp in Build Sources */,
				87B8A1FB266AFA8C4020172D /* CullingLOD.cpp in Build Sources */,
				83BCF49457639D33E8467D07 /* GLFrameCapture.cpp in Build Sources */,
				A9D00A8B2D226B104E1EE284 /* GLSLProgram.cpp in Build Sources */,
				F1FABC8514A5E3CD0F96056B /* GLTexture.cpp in Build Sources */,
				5187820FB299C26E5477D662 /* GLTexture1D.cpp in Build Sources */,
				DC59377F9BD55CE23CA7C0BB /* GLTexture2D.cpp in Build Sources */,
				B7D8C4D2055349ADF81A9E11 /* GLTexture3D.cpp in Build Sources */,
				EF8471FE34B4B65CE58ED12E /* GLRenderer.cpp in Build Sources */,
				89E6D7511BC9E5FC164E22F3 /* AbstrRenderer.cpp in Build Sources */,
				41CFB2A72703C402991410E4 /* GLRaycaster.cpp in Build Sources */,
				46C5CF9DC1B1FEE838FB57BF /* GLSBVR.cpp in Build Sources */,
				B5F90EC338EB46F20ED38497 /* GPUMemMan.cpp in Build Sources */,
				D17946D91B5A7AD03703D4F2 /* GPUMemManDataStructs.cpp in Build Sources */,
				0DEC84BBD45A7EB0E64DD394 /* SBVRGeogen.cpp in Build Sources */,
				8A5A1950F80990485ECFFBC5 /* GLFBOTex.cpp in Build Sources */,
				2B093CA6F071B023A473CED0 /* main.cpp in Build Sources */,
				1A6FC2B9C6658DD36A8E37EA /* moc_SettingsDlg.cpp in Build Sources */,
				6078053DD5EF512AF811C511 /* moc_BrowseData.cpp in Build Sources */,
				B833EBAA11ECAD8EA0653A31 /* moc_ImageVis3D.cpp in Build Sources */,
				8567756F095564A569B8813B /* moc_PleaseWait.cpp in Build Sources */,
				9D44FCF7647B470949530CD0 /* moc_QTransferFunction.cpp in Build Sources */,
				207004E9C11CADB71BBB3763 /* moc_Q1DTransferFunction.cpp in Build Sources */,
				F6E6B21DFC9B3F77ED1CE0C6 /* moc_Q2DTransferFunction.cpp in Build Sources */,
				C1CE207A9D3A3B10A3EA966D /* moc_RenderWindow.cpp in Build Sources */,
			);
			name = "Build Sources";
			runOnlyForDeploymentPostprocessing = 0;
		};
/* End PBXSourcesBuildPhase section */

/* Begin XCBuildConfiguration section */
		568C8B1E0EDD08A60033278C /* Debug */ = {
			isa = XCBuildConfiguration;
			buildSettings = {
				BUILD_ROOT = /Users/krueger/Documents/Projects/ImageVis3D;
				COPY_PHASE_STRIP = NO;
				DYLIB_COMPATIBILITY_VERSION = 1.0;
				DYLIB_CURRENT_VERSION = 1.0.0;
				GCC_GENERATE_DEBUGGING_SYMBOLS = YES;
				GCC_OPTIMIZATION_LEVEL = 0;
				HEADER_SEARCH_PATHS = (
					/Library/Frameworks/QtCore.framework/Versions/4/Headers,
					/usr/include/QtCore,
					/Library/Frameworks/QtGui.framework/Versions/4/Headers,
					/usr/include/QtGui,
					/Library/Frameworks/QtOpenGL.framework/Versions/4/Headers,
					/usr/include/QtOpenGL,
					/usr/include,
					.,
					/System/Library/Frameworks/OpenGL.framework/Versions/A/Headers,
					/System/Library/Frameworks/AGL.framework/Headers,
					UI/AutoGen,
					UI/AutoGen,
					/usr/local/include,
					/System/Library/Frameworks/CarbonCore.framework/Headers,
					"/usr/local/Qt4.4/mkspecs/macx-xcode",
				);
				INFOPLIST_FILE = Info.plist;
				INSTALL_DIR = /Users/krueger/Documents/Projects/ImageVis3D/Build/OSX/Bin/;
				LEXFLAGS = "";
				LIBRARY_SEARCH_PATHS = (
					/Library/Frameworks,
					/System/Library/Frameworks/,
				);
				MACOSX_DEPLOYMENT_TARGET = 10.3;
				OBJROOT = Build/OSX/;
				OTHER_CFLAGS = (
					"-pipe",
					"-g",
					"-Wall",
					"-W",
					"-DQT_OPENGL_LIB",
					"-DQT_GUI_LIB",
					"-DQT_CORE_LIB",
					"-DQT_SHARED",
				);
				OTHER_CPLUSPLUSFLAGS = (
					"-pipe",
					"-g",
					"-Wall",
					"-W",
					"-DQT_OPENGL_LIB",
					"-DQT_GUI_LIB",
					"-DQT_CORE_LIB",
					"-DQT_SHARED",
				);
				OTHER_LDFLAGS = (
					"-headerpad_max_install_names",
					"-L/Library/Frameworks",
					"-F/Library/Frameworks",
					"-lz",
					"-lm",
				);
				OTHER_REZFLAGS = "";
				PREBINDING = NO;
				PRODUCT_NAME = ImageVis3D;
				SECTORDER_FLAGS = "";
				WARNING_CFLAGS = "";
				YACCFLAGS = "-d";
			};
			name = Debug;
		};
		568C8B1F0EDD08A60033278C /* Release */ = {
			isa = XCBuildConfiguration;
			buildSettings = {
				BUILD_ROOT = /Users/krueger/Documents/Projects/ImageVis3D;
				COPY_PHASE_STRIP = YES;
				DYLIB_COMPATIBILITY_VERSION = 1.0;
				DYLIB_CURRENT_VERSION = 1.0.0;
				GCC_GENERATE_DEBUGGING_SYMBOLS = NO;
				HEADER_SEARCH_PATHS = (
					/Library/Frameworks/QtCore.framework/Versions/4/Headers,
					/usr/include/QtCore,
					/Library/Frameworks/QtGui.framework/Versions/4/Headers,
					/usr/include/QtGui,
					/Library/Frameworks/QtOpenGL.framework/Versions/4/Headers,
					/usr/include/QtOpenGL,
					/usr/include,
					.,
					/System/Library/Frameworks/OpenGL.framework/Versions/A/Headers,
					/System/Library/Frameworks/AGL.framework/Headers,
					UI/AutoGen,
					UI/AutoGen,
					/usr/local/include,
					/System/Library/Frameworks/CarbonCore.framework/Headers,
					"/usr/local/Qt4.4/mkspecs/macx-xcode",
				);
				INFOPLIST_FILE = Info.plist;
				INSTALL_DIR = /Users/krueger/Documents/Projects/ImageVis3D/Build/OSX/Bin/;
				LEXFLAGS = "";
				LIBRARY_SEARCH_PATHS = (
					/Library/Frameworks,
					/System/Library/Frameworks/,
				);
				MACOSX_DEPLOYMENT_TARGET = 10.3;
				OBJROOT = Build/OSX/;
				OTHER_CFLAGS = (
					"-pipe",
					"-g",
					"-Wall",
					"-W",
					"-DQT_OPENGL_LIB",
					"-DQT_GUI_LIB",
					"-DQT_CORE_LIB",
					"-DQT_SHARED",
				);
				OTHER_CPLUSPLUSFLAGS = (
					"-pipe",
					"-g",
					"-Wall",
					"-W",
					"-DQT_OPENGL_LIB",
					"-DQT_GUI_LIB",
					"-DQT_CORE_LIB",
					"-DQT_SHARED",
				);
				OTHER_LDFLAGS = (
					"-headerpad_max_install_names",
					"-L/Library/Frameworks",
					"-F/Library/Frameworks",
					"-lz",
					"-lm",
				);
				OTHER_REZFLAGS = "";
				PREBINDING = NO;
				PRODUCT_NAME = ImageVis3D;
				SECTORDER_FLAGS = "";
				WARNING_CFLAGS = "";
				YACCFLAGS = "-d";
			};
			name = Release;
		};
		568C8B200EDD08A60033278C /* Default */ = {
			isa = XCBuildConfiguration;
			buildSettings = {
				BUILD_ROOT = /Users/krueger/Documents/Projects/ImageVis3D;
				DYLIB_COMPATIBILITY_VERSION = 1.0;
				DYLIB_CURRENT_VERSION = 1.0.0;
				HEADER_SEARCH_PATHS = (
					/Library/Frameworks/QtCore.framework/Versions/4/Headers,
					/usr/include/QtCore,
					/Library/Frameworks/QtGui.framework/Versions/4/Headers,
					/usr/include/QtGui,
					/Library/Frameworks/QtOpenGL.framework/Versions/4/Headers,
					/usr/include/QtOpenGL,
					/usr/include,
					.,
					/System/Library/Frameworks/OpenGL.framework/Versions/A/Headers,
					/System/Library/Frameworks/AGL.framework/Headers,
					UI/AutoGen,
					UI/AutoGen,
					/usr/local/include,
					/System/Library/Frameworks/CarbonCore.framework/Headers,
					"/usr/local/Qt4.4/mkspecs/macx-xcode",
				);
				INFOPLIST_FILE = Info.plist;
				INSTALL_DIR = /Users/krueger/Documents/Projects/ImageVis3D/Build/OSX/Bin/;
				LEXFLAGS = "";
				LIBRARY_SEARCH_PATHS = (
					/Library/Frameworks,
					/System/Library/Frameworks/,
				);
				MACOSX_DEPLOYMENT_TARGET = 10.3;
				OBJROOT = Build/OSX/;
				OTHER_CFLAGS = (
					"-pipe",
					"-g",
					"-Wall",
					"-W",
					"-DQT_OPENGL_LIB",
					"-DQT_GUI_LIB",
					"-DQT_CORE_LIB",
					"-DQT_SHARED",
				);
				OTHER_CPLUSPLUSFLAGS = (
					"-pipe",
					"-g",
					"-Wall",
					"-W",
					"-DQT_OPENGL_LIB",
					"-DQT_GUI_LIB",
					"-DQT_CORE_LIB",
					"-DQT_SHARED",
				);
				OTHER_LDFLAGS = (
					"-headerpad_max_install_names",
					"-L/Library/Frameworks",
					"-F/Library/Frameworks",
					"-lz",
					"-lm",
				);
				OTHER_REZFLAGS = "";
				PREBINDING = NO;
				PRODUCT_NAME = ImageVis3D;
				SECTORDER_FLAGS = "";
				WARNING_CFLAGS = "";
				YACCFLAGS = "-d";
			};
			name = Default;
		};
		8DB1DD96F65B1BF1FFC506E0 /* Debug */ = {
			isa = XCBuildConfiguration;
			buildSettings = {
				COPY_PHASE_STRIP = NO;
				GCC_GENERATE_DEBUGGING_SYMBOLS = YES;
				GCC_OPTIMIZATION_LEVEL = 0;
			};
			name = Debug;
		};
		95E1EB2E5DDD587BE5B3E548 /* Release */ = {
			isa = XCBuildConfiguration;
			buildSettings = {
				COPY_PHASE_STRIP = YES;
				GCC_GENERATE_DEBUGGING_SYMBOLS = NO;
			};
			name = Release;
		};
/* End XCBuildConfiguration section */

/* Begin XCConfigurationList section */
		2A951308CDB28F104D0A4BD2 /* Build configuration list for PBXProject "ImageVis3D" */ = {
			isa = XCConfigurationList;
			buildConfigurations = (
				8DB1DD96F65B1BF1FFC506E0 /* Debug */,
				95E1EB2E5DDD587BE5B3E548 /* Release */,
			);
			defaultConfigurationIsVisible = 0;
			defaultConfigurationName = Release;
		};
		568C8B220EDD08C40033278C /* Build configuration list for PBXNativeTarget "ImageVis3D" */ = {
			isa = XCConfigurationList;
			buildConfigurations = (
				568C8B1E0EDD08A60033278C /* Debug */,
				568C8B1F0EDD08A60033278C /* Release */,
				568C8B200EDD08A60033278C /* Default */,
			);
			defaultConfigurationIsVisible = 0;
			defaultConfigurationName = Default;
		};
/* End XCConfigurationList section */
	};
	rootObject = 91B15E841AA80083484172DE /* Project object */;
}
