<?xml version="1.0" encoding="utf-8"?>
<Project ToolsVersion="4.0" xmlns="http://schemas.microsoft.com/developer/msbuild/2003">
  <ItemGroup>
    <Filter Include="Resource Files">
      <UniqueIdentifier>{67DA6AB6-F800-4c08-8B7A-83BB121AAD01}</UniqueIdentifier>
      <Extensions>rc;ico;cur;bmp;dlg;rc2;rct;bin;rgs;gif;jpg;jpeg;jpe;resx;tiff;tif;png;wav</Extensions>
    </Filter>
    <Filter Include="UI">
      <UniqueIdentifier>{8f94eb19-dcee-45a7-a1d8-0eae1f25672b}</UniqueIdentifier>
    </Filter>
    <Filter Include="UI\Automatically Generated Files">
      <UniqueIdentifier>{dad2f76f-4255-45e1-9089-2a7b0ac6ba9d}</UniqueIdentifier>
    </Filter>
    <Filter Include="UI\UI Files">
      <UniqueIdentifier>{1d1ce7f0-f3c3-4e12-ab57-aab45ca0ebf5}</UniqueIdentifier>
      <Extensions>ui</Extensions>
    </Filter>
    <Filter Include="UI\Implemented Files">
      <UniqueIdentifier>{b57c6e09-96fe-49c4-8277-a9633d5f3310}</UniqueIdentifier>
    </Filter>
    <Filter Include="UI\Implemented Files\MainWindow">
      <UniqueIdentifier>{eab16954-ec5d-4b4b-93ee-84015cea22dd}</UniqueIdentifier>
    </Filter>
    <Filter Include="DebugOut">
      <UniqueIdentifier>{b5f7cf1a-9713-476a-bacc-6225500522dc}</UniqueIdentifier>
    </Filter>
    <Filter Include="IO">
      <UniqueIdentifier>{2b209271-eac4-41a4-8447-cee6e77d51b4}</UniqueIdentifier>
    </Filter>
    <Filter Include="IO\3rd Party">
      <UniqueIdentifier>{6db69914-e5d2-44bd-8faf-b1506a67876e}</UniqueIdentifier>
    </Filter>
    <Filter Include="IO\3rd Party\QFtp">
      <UniqueIdentifier>{73888170-26e5-4670-9f01-f655df25860e}</UniqueIdentifier>
    </Filter>
  </ItemGroup>
  <ItemGroup>
    <None Include="Resources\bug.png">
      <Filter>Resource Files</Filter>
    </None>
    <None Include="Resources\icon_16.png">
      <Filter>Resource Files</Filter>
    </None>
    <None Include="Resources\icon_32.png">
      <Filter>Resource Files</Filter>
    </None>
    <None Include="Resources\icon_64.png">
      <Filter>Resource Files</Filter>
    </None>
    <None Include="Resources\icon_Update.png">
      <Filter>Resource Files</Filter>
    </None>
    <None Include="Resources\ImageVis3D.ico">
      <Filter>Resource Files</Filter>
    </None>
    <None Include="Resources\imagevis3d.png">
      <Filter>Resource Files</Filter>
    </None>
    <None Include="ImageVis3D.pro">
      <Filter>Resource Files</Filter>
    </None>
    <None Include="Resources\imagevis3dmini.png">
      <Filter>Resource Files</Filter>
    </None>
    <None Include="mk_app.sh">
      <Filter>Resource Files</Filter>
    </None>
    <None Include="nightly.sh">
      <Filter>Resource Files</Filter>
    </None>
    <None Include="..\Scripts\WinVM.bat">
      <Filter>Resource Files</Filter>
    </None>
    <None Include="cpp.hint" />
  </ItemGroup>
  <ItemGroup>
    <QRC Include="ImageVis3D.qrc">
      <Filter>Resource Files</Filter>
    </QRC>
  </ItemGroup>
  <ItemGroup>
    <ResourceCompile Include="Resources\ImageVis3D.rc">
      <Filter>Resource Files</Filter>
    </ResourceCompile>
  </ItemGroup>
  <ItemGroup>
    <ClCompile Include="UI\AutoGen\moc_AboutDlg.cpp">
      <Filter>UI\Automatically Generated Files</Filter>
    </ClCompile>
    <ClCompile Include="UI\AutoGen\moc_BasicSettingsDlg.cpp">
      <Filter>UI\Automatically Generated Files</Filter>
    </ClCompile>
    <ClCompile Include="UI\AutoGen\moc_BrowseData.cpp">
      <Filter>UI\Automatically Generated Files</Filter>
    </ClCompile>
    <ClCompile Include="UI\AutoGen\moc_BugRepDlg.cpp">
      <Filter>UI\Automatically Generated Files</Filter>
    </ClCompile>
    <ClCompile Include="UI\AutoGen\moc_CrashDetDlg.cpp">
      <Filter>UI\Automatically Generated Files</Filter>
    </ClCompile>
    <ClCompile Include="UI\AutoGen\moc_FTPDialog.cpp">
      <Filter>UI\Automatically Generated Files</Filter>
    </ClCompile>
    <ClCompile Include="UI\AutoGen\moc_ImageVis3D.cpp">
      <Filter>UI\Automatically Generated Files</Filter>
    </ClCompile>
    <ClCompile Include="UI\AutoGen\moc_LODDlg.cpp">
      <Filter>UI\Automatically Generated Files</Filter>
    </ClCompile>
    <ClCompile Include="UI\AutoGen\moc_MergeDlg.cpp">
      <Filter>UI\Automatically Generated Files</Filter>
    </ClCompile>
    <ClCompile Include="UI\AutoGen\moc_MetadataDlg.cpp">
      <Filter>UI\Automatically Generated Files</Filter>
    </ClCompile>
    <ClCompile Include="UI\AutoGen\moc_MIPRotDialog.cpp">
      <Filter>UI\Automatically Generated Files</Filter>
    </ClCompile>
    <ClCompile Include="UI\AutoGen\moc_PleaseWait.cpp">
      <Filter>UI\Automatically Generated Files</Filter>
    </ClCompile>
    <ClCompile Include="UI\AutoGen\moc_Q1DTransferFunction.cpp">
      <Filter>UI\Automatically Generated Files</Filter>
    </ClCompile>
    <ClCompile Include="UI\AutoGen\moc_Q2DTransferFunction.cpp">
      <Filter>UI\Automatically Generated Files</Filter>
    </ClCompile>
    <ClCompile Include="UI\AutoGen\moc_QLightPreview.cpp">
      <Filter>UI\Automatically Generated Files</Filter>
    </ClCompile>
    <ClCompile Include="UI\AutoGen\moc_QTransferFunction.cpp">
      <Filter>UI\Automatically Generated Files</Filter>
    </ClCompile>
    <ClCompile Include="UI\AutoGen\moc_RAWDialog.cpp">
      <Filter>UI\Automatically Generated Files</Filter>
    </ClCompile>
    <ClCompile Include="UI\AutoGen\moc_RenderWindowDX.cpp">
      <Filter>UI\Automatically Generated Files</Filter>
    </ClCompile>
    <ClCompile Include="UI\AutoGen\moc_RenderWindowGL.cpp">
      <Filter>UI\Automatically Generated Files</Filter>
    </ClCompile>
    <ClCompile Include="UI\AutoGen\moc_ScaleAndBiasDlg.cpp">
      <Filter>UI\Automatically Generated Files</Filter>
    </ClCompile>
    <ClCompile Include="UI\AutoGen\moc_SettingsDlg.cpp">
      <Filter>UI\Automatically Generated Files</Filter>
    </ClCompile>
    <ClCompile Include="UI\AutoGen\moc_URLDlg.cpp">
      <Filter>UI\Automatically Generated Files</Filter>
    </ClCompile>
    <ClCompile Include="UI\AutoGen\moc_Welcome.cpp">
      <Filter>UI\Automatically Generated Files</Filter>
    </ClCompile>
    <ClCompile Include="..\Build\rcc\qrc_ImageVis3D.cpp">
      <Filter>UI\Automatically Generated Files</Filter>
    </ClCompile>
    <ClCompile Include="UI\AboutDlg.cpp">
      <Filter>UI\Implemented Files</Filter>
    </ClCompile>
    <ClCompile Include="UI\BrowseData.cpp">
      <Filter>UI\Implemented Files</Filter>
    </ClCompile>
    <ClCompile Include="UI\BugRepDlg.cpp">
      <Filter>UI\Implemented Files</Filter>
    </ClCompile>
    <ClCompile Include="UI\CrashDetDlg.cpp">
      <Filter>UI\Implemented Files</Filter>
    </ClCompile>
    <ClCompile Include="UI\FTPDialog.cpp">
      <Filter>UI\Implemented Files</Filter>
    </ClCompile>
    <ClCompile Include="UI\LODDlg.cpp">
      <Filter>UI\Implemented Files</Filter>
    </ClCompile>
    <ClCompile Include="UI\MergeDlg.cpp">
      <Filter>UI\Implemented Files</Filter>
    </ClCompile>
    <ClCompile Include="UI\MetadataDlg.cpp">
      <Filter>UI\Implemented Files</Filter>
    </ClCompile>
    <ClCompile Include="UI\MIPRotDialog.cpp">
      <Filter>UI\Implemented Files</Filter>
    </ClCompile>
    <ClCompile Include="UI\PleaseWait.cpp">
      <Filter>UI\Implemented Files</Filter>
    </ClCompile>
    <ClCompile Include="UI\Q1DTransferFunction.cpp">
      <Filter>UI\Implemented Files</Filter>
    </ClCompile>
    <ClCompile Include="UI\Q2DTransferFunction.cpp">
      <Filter>UI\Implemented Files</Filter>
    </ClCompile>
    <ClCompile Include="UI\QDataRadioButton.cpp">
      <Filter>UI\Implemented Files</Filter>
    </ClCompile>
    <ClCompile Include="UI\QLightPreview.cpp">
      <Filter>UI\Implemented Files</Filter>
    </ClCompile>
    <ClCompile Include="UI\QTransferFunction.cpp">
      <Filter>UI\Implemented Files</Filter>
    </ClCompile>
    <ClCompile Include="UI\RAWDialog.cpp">
      <Filter>UI\Implemented Files</Filter>
    </ClCompile>
    <ClCompile Include="UI\RenderWindow.cpp">
      <Filter>UI\Implemented Files</Filter>
    </ClCompile>
    <ClCompile Include="UI\RenderWindowDX.cpp">
      <Filter>UI\Implemented Files</Filter>
    </ClCompile>
    <ClCompile Include="UI\RenderWindowGL.cpp">
      <Filter>UI\Implemented Files</Filter>
    </ClCompile>
    <ClCompile Include="UI\ScaleAndBiasDlg.cpp">
      <Filter>UI\Implemented Files</Filter>
    </ClCompile>
    <ClCompile Include="UI\SettingsDlg.cpp">
      <Filter>UI\Implemented Files</Filter>
    </ClCompile>
    <ClCompile Include="UI\URLDlg.cpp">
      <Filter>UI\Implemented Files</Filter>
    </ClCompile>
    <ClCompile Include="UI\Welcome.cpp">
      <Filter>UI\Implemented Files</Filter>
    </ClCompile>
    <ClCompile Include="UI\ImageVis3D.cpp">
      <Filter>UI\Implemented Files\MainWindow</Filter>
    </ClCompile>
    <ClCompile Include="UI\ImageVis3D_1DTransferFunction.cpp">
      <Filter>UI\Implemented Files\MainWindow</Filter>
    </ClCompile>
    <ClCompile Include="UI\ImageVis3D_2DTransferFunction.cpp">
      <Filter>UI\Implemented Files\MainWindow</Filter>
    </ClCompile>
    <ClCompile Include="UI\ImageVis3D_Capturing.cpp">
      <Filter>UI\Implemented Files\MainWindow</Filter>
    </ClCompile>
    <ClCompile Include="UI\ImageVis3D_DebugWindow.cpp">
      <Filter>UI\Implemented Files\MainWindow</Filter>
    </ClCompile>
    <ClCompile Include="UI\ImageVis3D_FileHandling.cpp">
      <Filter>UI\Implemented Files\MainWindow</Filter>
    </ClCompile>
    <ClCompile Include="UI\ImageVis3D_Help.cpp">
      <Filter>UI\Implemented Files\MainWindow</Filter>
    </ClCompile>
    <ClCompile Include="UI\ImageVis3D_I3M.cpp">
      <Filter>UI\Implemented Files\MainWindow</Filter>
    </ClCompile>
    <ClCompile Include="UI\ImageVis3D_Locking.cpp">
      <Filter>UI\Implemented Files\MainWindow</Filter>
    </ClCompile>
    <ClCompile Include="UI\ImageVis3D_Progress.cpp">
      <Filter>UI\Implemented Files\MainWindow</Filter>
    </ClCompile>
    <ClCompile Include="UI\ImageVis3D_Settings.cpp">
      <Filter>UI\Implemented Files\MainWindow</Filter>
    </ClCompile>
    <ClCompile Include="UI\ImageVis3D_Stereo.cpp">
      <Filter>UI\Implemented Files\MainWindow</Filter>
    </ClCompile>
    <ClCompile Include="UI\ImageVis3D_WindowHandling.cpp">
      <Filter>UI\Implemented Files\MainWindow</Filter>
    </ClCompile>
    <ClCompile Include="DebugOut\QTLabelOut.cpp">
      <Filter>DebugOut</Filter>
    </ClCompile>
    <ClCompile Include="DebugOut\QTOut.cpp">
      <Filter>DebugOut</Filter>
    </ClCompile>
    <ClCompile Include="IO\DialogConverter.cpp">
      <Filter>IO</Filter>
    </ClCompile>
    <ClCompile Include="main.cpp" />
    <ClCompile Include="UI\DebugScriptWindow.cpp">
      <Filter>UI\Implemented Files</Filter>
    </ClCompile>
    <ClCompile Include="UI\AutoGen\moc_DebugScriptWindow.cpp">
      <Filter>UI\Automatically Generated Files</Filter>
    </ClCompile>
    <ClCompile Include="UI\MDIRenderWin.cpp">
      <Filter>UI\Implemented Files</Filter>
    </ClCompile>
    <ClCompile Include="UI\BasicSettingsDlg.cpp">
      <Filter>UI\Implemented Files</Filter>
    </ClCompile>
    <ClCompile Include="IO\3rdParty\zip.c">
      <Filter>IO\3rd Party</Filter>
    </ClCompile>
    <ClCompile Include="IO\3rdParty\ioapi.c">
      <Filter>IO\3rd Party</Filter>
    </ClCompile>
    <ClCompile Include="IO\ZipFile.cpp">
      <Filter>IO</Filter>
    </ClCompile>
    <ClCompile Include="IO\3rdParty\QFtp\qurlinfo.cpp">
      <Filter>IO\3rd Party\QFtp</Filter>
    </ClCompile>
    <ClCompile Include="IO\3rdParty\QFtp\qftp.cpp">
      <Filter>IO\3rd Party\QFtp</Filter>
    </ClCompile>
  </ItemGroup>
  <ItemGroup>
    <ClInclude Include="UI\AutoGen\ui_About.h">
      <Filter>UI\Automatically Generated Files</Filter>
    </ClInclude>
    <ClInclude Include="UI\AutoGen\ui_BrowseData.h">
      <Filter>UI\Automatically Generated Files</Filter>
    </ClInclude>
    <ClInclude Include="UI\AutoGen\ui_BugRepDlg.h">
      <Filter>UI\Automatically Generated Files</Filter>
    </ClInclude>
    <ClInclude Include="UI\AutoGen\ui_CrashDetDlg.h">
      <Filter>UI\Automatically Generated Files</Filter>
    </ClInclude>
    <ClInclude Include="UI\AutoGen\ui_FTPDialog.h">
      <Filter>UI\Automatically Generated Files</Filter>
    </ClInclude>
    <ClInclude Include="UI\AutoGen\ui_ImageVis3D.h">
      <Filter>UI\Automatically Generated Files</Filter>
    </ClInclude>
    <ClInclude Include="UI\AutoGen\ui_LODDlg.h">
      <Filter>UI\Automatically Generated Files</Filter>
    </ClInclude>
    <ClInclude Include="UI\AutoGen\ui_MergeDlg.h">
      <Filter>UI\Automatically Generated Files</Filter>
    </ClInclude>
    <ClInclude Include="UI\AutoGen\ui_Metadata.h">
      <Filter>UI\Automatically Generated Files</Filter>
    </ClInclude>
    <ClInclude Include="UI\AutoGen\ui_MIPRotDialog.h">
      <Filter>UI\Automatically Generated Files</Filter>
    </ClInclude>
    <ClInclude Include="UI\AutoGen\ui_PleaseWait.h">
      <Filter>UI\Automatically Generated Files</Filter>
    </ClInclude>
    <ClInclude Include="UI\AutoGen\ui_RAWDialog.h">
      <Filter>UI\Automatically Generated Files</Filter>
    </ClInclude>
    <ClInclude Include="UI\AutoGen\ui_ScaleAndBiasDlg.h">
      <Filter>UI\Automatically Generated Files</Filter>
    </ClInclude>
    <ClInclude Include="UI\AutoGen\ui_SettingsDlg.h">
      <Filter>UI\Automatically Generated Files</Filter>
    </ClInclude>
    <ClInclude Include="UI\AutoGen\ui_URLDlg.h">
      <Filter>UI\Automatically Generated Files</Filter>
    </ClInclude>
    <ClInclude Include="UI\AutoGen\ui_Welcome.h">
      <Filter>UI\Automatically Generated Files</Filter>
    </ClInclude>
    <ClInclude Include="UI\QDataRadioButton.h">
      <Filter>UI\Implemented Files</Filter>
    </ClInclude>
    <ClInclude Include="UI\RenderWindow.h">
      <Filter>UI\Implemented Files</Filter>
    </ClInclude>
    <ClInclude Include="DebugOut\QTLabelOut.h">
      <Filter>DebugOut</Filter>
    </ClInclude>
    <ClInclude Include="DebugOut\QTOut.h">
      <Filter>DebugOut</Filter>
    </ClInclude>
    <ClInclude Include="IO\DialogConverter.h">
      <Filter>IO</Filter>
    </ClInclude>
    <ClInclude Include="StdDefines.h" />
    <ClInclude Include="UI\MDIRenderWin.h">
      <Filter>UI\Implemented Files</Filter>
    </ClInclude>
    <ClInclude Include="IO\3rdParty\zip.h">
      <Filter>IO\3rd Party</Filter>
    </ClInclude>
    <ClInclude Include="IO\3rdParty\crypt.h">
      <Filter>IO\3rd Party</Filter>
    </ClInclude>
    <ClInclude Include="IO\3rdParty\ioapi.h">
      <Filter>IO\3rd Party</Filter>
    </ClInclude>
    <ClInclude Include="IO\ZipFile.h">
      <Filter>IO</Filter>
    </ClInclude>
    <ClInclude Include="IO\3rdParty\QFtp\qurlinfo.h">
      <Filter>IO\3rd Party\QFtp</Filter>
    </ClInclude>
  </ItemGroup>
  <ItemGroup>
    <UI Include="UI\UI\About.ui">
      <Filter>UI\UI Files</Filter>
    </UI>
    <UI Include="UI\UI\BrowseData.ui">
      <Filter>UI\UI Files</Filter>
    </UI>
    <UI Include="UI\UI\BugRepDlg.ui">
      <Filter>UI\UI Files</Filter>
    </UI>
    <UI Include="UI\UI\CrashDetDlg.ui">
      <Filter>UI\UI Files</Filter>
    </UI>
    <UI Include="UI\UI\FTPDialog.ui">
      <Filter>UI\UI Files</Filter>
    </UI>
    <UI Include="UI\UI\ImageVis3D.ui">
      <Filter>UI\UI Files</Filter>
    </UI>
    <UI Include="UI\UI\LODDlg.ui">
      <Filter>UI\UI Files</Filter>
    </UI>
    <UI Include="UI\UI\MergeDlg.ui">
      <Filter>UI\UI Files</Filter>
    </UI>
    <UI Include="UI\UI\Metadata.ui">
      <Filter>UI\UI Files</Filter>
    </UI>
    <UI Include="UI\UI\MIPRotDialog.ui">
      <Filter>UI\UI Files</Filter>
    </UI>
    <UI Include="UI\UI\PleaseWait.ui">
      <Filter>UI\UI Files</Filter>
    </UI>
    <UI Include="UI\UI\RAWDialog.ui">
      <Filter>UI\UI Files</Filter>
    </UI>
    <UI Include="UI\UI\ScaleAndBiasDlg.ui">
      <Filter>UI\UI Files</Filter>
    </UI>
    <UI Include="UI\UI\SettingsDlg.ui">
      <Filter>UI\UI Files</Filter>
    </UI>
    <UI Include="UI\UI\URLDlg.ui">
      <Filter>UI\UI Files</Filter>
    </UI>
    <UI Include="UI\UI\Welcome.ui">
      <Filter>UI\UI Files</Filter>
    </UI>
  </ItemGroup>
  <ItemGroup>
    <CustomBuildStep Include="Doxyfile">
      <Filter>Resource Files</Filter>
    </CustomBuildStep>
  </ItemGroup>
  <ItemGroup>
    <CustomBuild Include="UI\AboutDlg.h">
      <Filter>UI\Implemented Files</Filter>
    </CustomBuild>
    <CustomBuild Include="UI\BrowseData.h">
      <Filter>UI\Implemented Files</Filter>
    </CustomBuild>
    <CustomBuild Include="UI\BugRepDlg.h">
      <Filter>UI\Implemented Files</Filter>
    </CustomBuild>
    <CustomBuild Include="UI\CrashDetDlg.h">
      <Filter>UI\Implemented Files</Filter>
    </CustomBuild>
    <CustomBuild Include="UI\FTPDialog.h">
      <Filter>UI\Implemented Files</Filter>
    </CustomBuild>
    <CustomBuild Include="UI\LODDlg.h">
      <Filter>UI\Implemented Files</Filter>
    </CustomBuild>
    <CustomBuild Include="UI\MergeDlg.h">
      <Filter>UI\Implemented Files</Filter>
    </CustomBuild>
    <CustomBuild Include="UI\MetadataDlg.h">
      <Filter>UI\Implemented Files</Filter>
    </CustomBuild>
    <CustomBuild Include="UI\MIPRotDialog.h">
      <Filter>UI\Implemented Files</Filter>
    </CustomBuild>
    <CustomBuild Include="UI\PleaseWait.h">
      <Filter>UI\Implemented Files</Filter>
    </CustomBuild>
    <CustomBuild Include="UI\Q1DTransferFunction.h">
      <Filter>UI\Implemented Files</Filter>
    </CustomBuild>
    <CustomBuild Include="UI\Q2DTransferFunction.h">
      <Filter>UI\Implemented Files</Filter>
    </CustomBuild>
    <CustomBuild Include="UI\QLightPreview.h">
      <Filter>UI\Implemented Files</Filter>
    </CustomBuild>
    <CustomBuild Include="UI\QTransferFunction.h">
      <Filter>UI\Implemented Files</Filter>
    </CustomBuild>
    <CustomBuild Include="UI\RAWDialog.h">
      <Filter>UI\Implemented Files</Filter>
    </CustomBuild>
    <CustomBuild Include="UI\RenderWindowDX.h">
      <Filter>UI\Implemented Files</Filter>
    </CustomBuild>
    <CustomBuild Include="UI\RenderWindowGL.h">
      <Filter>UI\Implemented Files</Filter>
    </CustomBuild>
    <CustomBuild Include="UI\ScaleAndBiasDlg.h">
      <Filter>UI\Implemented Files</Filter>
    </CustomBuild>
    <CustomBuild Include="UI\SettingsDlg.h">
      <Filter>UI\Implemented Files</Filter>
    </CustomBuild>
    <CustomBuild Include="UI\URLDlg.h">
      <Filter>UI\Implemented Files</Filter>
    </CustomBuild>
    <CustomBuild Include="UI\Welcome.h">
      <Filter>UI\Implemented Files</Filter>
    </CustomBuild>
    <CustomBuild Include="UI\ImageVis3D.h">
      <Filter>UI\Implemented Files\MainWindow</Filter>
    </CustomBuild>
    <CustomBuild Include="UI\DebugScriptWindow.h">
      <Filter>UI\Implemented Files</Filter>
    </CustomBuild>
    <CustomBuild Include="UI\BasicSettingsDlg.h">
      <Filter>UI\Implemented Files</Filter>
    </CustomBuild>
    <CustomBuild Include="IO\3rdParty\QFtp\qftp.h">
      <Filter>IO\3rd Party\QFtp</Filter>
    </CustomBuild>
  </ItemGroup>
</Project>